// !$*UTF8*$!
{
	archiveVersion = 1;
	classes = {
	};
	objectVersion = 52;
	objects = {

/* Begin PBXBuildFile section */
		0A35C9F023A52D2500CF48D6 /* libfastrtps.a in Frameworks */ = {isa = PBXBuildFile; fileRef = 0A35C9EF23A52D2500CF48D6 /* libfastrtps.a */; settings = {ATTRIBUTES = (Required, ); }; };
		0A35C9F223A52D4100CF48D6 /* libfastcdr.a in Frameworks */ = {isa = PBXBuildFile; fileRef = 0A35C9F123A52D4100CF48D6 /* libfastcdr.a */; };
		0A35C9F423A52D5700CF48D6 /* libfoonathan_memory-0.6.2.a in Frameworks */ = {isa = PBXBuildFile; fileRef = 0A35C9F323A52D5700CF48D6 /* libfoonathan_memory-0.6.2.a */; };
		0A35C9F523A54A9800CF48D6 /* libfoonathan_memory-0.6.2.a in Frameworks */ = {isa = PBXBuildFile; fileRef = 0A35C9F323A52D5700CF48D6 /* libfoonathan_memory-0.6.2.a */; };
		0A35C9FC23A577DB00CF48D6 /* libfastcdr.a in Frameworks */ = {isa = PBXBuildFile; fileRef = 0A35C9F123A52D4100CF48D6 /* libfastcdr.a */; };
		0A35C9FD23A577DB00CF48D6 /* libfastrtps.a in Frameworks */ = {isa = PBXBuildFile; fileRef = 0A35C9EF23A52D2500CF48D6 /* libfastrtps.a */; };
		0A70B3212375A147007E05B6 /* FastRTPSNotifications.swift in Sources */ = {isa = PBXBuildFile; fileRef = 0A70B3202375A147007E05B6 /* FastRTPSNotifications.swift */; };
		0A70B3222375A147007E05B6 /* FastRTPSNotifications.swift in Sources */ = {isa = PBXBuildFile; fileRef = 0A70B3202375A147007E05B6 /* FastRTPSNotifications.swift */; };
		0A71307A2363503500817593 /* FastRTPSBridge.h in Headers */ = {isa = PBXBuildFile; fileRef = 0A7130782363503500817593 /* FastRTPSBridge.h */; settings = {ATTRIBUTES = (Public, ); }; };
		0A7130882363514900817593 /* BridgedParticipantListener.mm in Sources */ = {isa = PBXBuildFile; fileRef = 0A7130812363514900817593 /* BridgedParticipantListener.mm */; };
		0A7130892363514900817593 /* CustomLogConsumer.cpp in Sources */ = {isa = PBXBuildFile; fileRef = 0A7130822363514900817593 /* CustomLogConsumer.cpp */; };
		0A71308A2363514900817593 /* CustomLogConsumer.h in Headers */ = {isa = PBXBuildFile; fileRef = 0A7130832363514900817593 /* CustomLogConsumer.h */; };
		0A71308B2363514900817593 /* BridgedParticipantListener.h in Headers */ = {isa = PBXBuildFile; fileRef = 0A7130842363514900817593 /* BridgedParticipantListener.h */; };
		0A71308C2363514900817593 /* FastRTPSBridge.mm in Sources */ = {isa = PBXBuildFile; fileRef = 0A7130852363514900817593 /* FastRTPSBridge.mm */; };
		0A71308D2363514900817593 /* DDSType.swift in Sources */ = {isa = PBXBuildFile; fileRef = 0A7130862363514900817593 /* DDSType.swift */; };
		0A7130962363516700817593 /* BridgedWriterListener.mm in Sources */ = {isa = PBXBuildFile; fileRef = 0A71308E2363516700817593 /* BridgedWriterListener.mm */; };
		0A7130972363516700817593 /* BridgedWriterListener.h in Headers */ = {isa = PBXBuildFile; fileRef = 0A71308F2363516700817593 /* BridgedWriterListener.h */; };
		0A7130982363516700817593 /* BridgedReaderListener.h in Headers */ = {isa = PBXBuildFile; fileRef = 0A7130902363516700817593 /* BridgedReaderListener.h */; };
		0A7130992363516700817593 /* PayloadDecoder.swift in Sources */ = {isa = PBXBuildFile; fileRef = 0A7130912363516700817593 /* PayloadDecoder.swift */; };
		0A71309A2363516700817593 /* BridgedParticipant.h in Headers */ = {isa = PBXBuildFile; fileRef = 0A7130922363516700817593 /* BridgedParticipant.h */; };
		0A71309B2363516700817593 /* BridgedReaderListener.mm in Sources */ = {isa = PBXBuildFile; fileRef = 0A7130932363516700817593 /* BridgedReaderListener.mm */; };
		0A71309C2363516700817593 /* FastRTPSBridge-Bridging-Header.h in Headers */ = {isa = PBXBuildFile; fileRef = 0A7130942363516700817593 /* FastRTPSBridge-Bridging-Header.h */; };
		0A71309D2363516700817593 /* BridgedParticipant.mm in Sources */ = {isa = PBXBuildFile; fileRef = 0A7130952363516700817593 /* BridgedParticipant.mm */; };
		0A8A37E32366DC51008E8DC1 /* DDSType.swift in Sources */ = {isa = PBXBuildFile; fileRef = 0A7130862363514900817593 /* DDSType.swift */; };
		0A8A37E42366DC51008E8DC1 /* PayloadDecoder.swift in Sources */ = {isa = PBXBuildFile; fileRef = 0A7130912363516700817593 /* PayloadDecoder.swift */; };
		0A8A37E52366DC51008E8DC1 /* FastRTPSBridge.mm in Sources */ = {isa = PBXBuildFile; fileRef = 0A7130852363514900817593 /* FastRTPSBridge.mm */; };
		0A8A37E62366DC51008E8DC1 /* FastRTPSBridge.h in Headers */ = {isa = PBXBuildFile; fileRef = 0A7130782363503500817593 /* FastRTPSBridge.h */; settings = {ATTRIBUTES = (Public, ); }; };
		0A8A37E72366DC51008E8DC1 /* BridgedParticipant.h in Headers */ = {isa = PBXBuildFile; fileRef = 0A7130922363516700817593 /* BridgedParticipant.h */; };
		0A8A37E82366DC51008E8DC1 /* BridgedParticipant.mm in Sources */ = {isa = PBXBuildFile; fileRef = 0A7130952363516700817593 /* BridgedParticipant.mm */; };
		0A8A37E92366DC51008E8DC1 /* BridgedReaderListener.h in Headers */ = {isa = PBXBuildFile; fileRef = 0A7130902363516700817593 /* BridgedReaderListener.h */; };
		0A8A37EA2366DC51008E8DC1 /* BridgedReaderListener.mm in Sources */ = {isa = PBXBuildFile; fileRef = 0A7130932363516700817593 /* BridgedReaderListener.mm */; };
		0A8A37EB2366DC51008E8DC1 /* BridgedWriterListener.mm in Sources */ = {isa = PBXBuildFile; fileRef = 0A71308E2363516700817593 /* BridgedWriterListener.mm */; };
		0A8A37EC2366DC51008E8DC1 /* BridgedWriterListener.h in Headers */ = {isa = PBXBuildFile; fileRef = 0A71308F2363516700817593 /* BridgedWriterListener.h */; };
		0A8A37ED2366DC51008E8DC1 /* FastRTPSBridge-Bridging-Header.h in Headers */ = {isa = PBXBuildFile; fileRef = 0A7130942363516700817593 /* FastRTPSBridge-Bridging-Header.h */; };
		0A8A37EE2366DC51008E8DC1 /* CustomLogConsumer.cpp in Sources */ = {isa = PBXBuildFile; fileRef = 0A7130822363514900817593 /* CustomLogConsumer.cpp */; };
		0A8A37EF2366DC51008E8DC1 /* CustomLogConsumer.h in Headers */ = {isa = PBXBuildFile; fileRef = 0A7130832363514900817593 /* CustomLogConsumer.h */; };
		0A8A37F02366DC51008E8DC1 /* BridgedParticipantListener.mm in Sources */ = {isa = PBXBuildFile; fileRef = 0A7130812363514900817593 /* BridgedParticipantListener.mm */; };
		0A8A37F12366DC51008E8DC1 /* BridgedParticipantListener.h in Headers */ = {isa = PBXBuildFile; fileRef = 0A7130842363514900817593 /* BridgedParticipantListener.h */; };
		0A969815236EEF0100FF958F /* CDRCodable in Frameworks */ = {isa = PBXBuildFile; productRef = 0A969814236EEF0100FF958F /* CDRCodable */; };
		0A969817236EEF0B00FF958F /* CDRCodable in Frameworks */ = {isa = PBXBuildFile; productRef = 0A969816236EEF0B00FF958F /* CDRCodable */; };
		0AC08A802375F61900A80C2E /* FastRTPSNotifications.mm in Sources */ = {isa = PBXBuildFile; fileRef = 0AC08A7F2375F61900A80C2E /* FastRTPSNotifications.mm */; };
		0AC08A812375F61900A80C2E /* FastRTPSNotifications.mm in Sources */ = {isa = PBXBuildFile; fileRef = 0AC08A7F2375F61900A80C2E /* FastRTPSNotifications.mm */; };
/* End PBXBuildFile section */

/* Begin PBXContainerItemProxy section */
		0A5B3F2C236502D200BE5707 /* PBXContainerItemProxy */ = {
			isa = PBXContainerItemProxy;
			containerPortal = 0A71306C2363503500817593 /* Project object */;
			proxyType = 1;
			remoteGlobalIDString = 0A5B3F282364F62200BE5707;
			remoteInfo = FastRTPS;
		};
		0A5F6F7E23E1F182006A6D5A /* PBXContainerItemProxy */ = {
			isa = PBXContainerItemProxy;
			containerPortal = 0A71306C2363503500817593 /* Project object */;
			proxyType = 1;
			remoteGlobalIDString = 0A5F6F7A23E1F0B2006A6D5A;
			remoteInfo = "FastRTPS catalyst";
		};
		0AD9938D2366F82F00D037A3 /* PBXContainerItemProxy */ = {
			isa = PBXContainerItemProxy;
			containerPortal = 0A71306C2363503500817593 /* Project object */;
			proxyType = 1;
			remoteGlobalIDString = 0A8A37D22366D9AE008E8DC1;
			remoteInfo = "FastRTPS iOS";
		};
/* End PBXContainerItemProxy section */

/* Begin PBXFileReference section */
		0A35C9EF23A52D2500CF48D6 /* libfastrtps.a */ = {isa = PBXFileReference; lastKnownFileType = archive.ar; name = libfastrtps.a; path = fastrtps/lib/libfastrtps.a; sourceTree = BUILT_PRODUCTS_DIR; };
		0A35C9F123A52D4100CF48D6 /* libfastcdr.a */ = {isa = PBXFileReference; lastKnownFileType = archive.ar; name = libfastcdr.a; path = fastrtps/lib/libfastcdr.a; sourceTree = BUILT_PRODUCTS_DIR; };
		0A35C9F323A52D5700CF48D6 /* libfoonathan_memory-0.6.2.a */ = {isa = PBXFileReference; lastKnownFileType = archive.ar; name = "libfoonathan_memory-0.6.2.a"; path = "fastrtps/lib/libfoonathan_memory-0.6.2.a"; sourceTree = BUILT_PRODUCTS_DIR; };
		0A5B3F252364E63400BE5707 /* fastrtps_build_osx.sh */ = {isa = PBXFileReference; fileEncoding = 4; lastKnownFileType = text.script.sh; path = fastrtps_build_osx.sh; sourceTree = "<group>"; };
		0A5F6F7823E1EFDE006A6D5A /* fastrtps_build_catalyst.sh */ = {isa = PBXFileReference; fileEncoding = 4; lastKnownFileType = text.script.sh; path = fastrtps_build_catalyst.sh; sourceTree = "<group>"; };
		0A70B3202375A147007E05B6 /* FastRTPSNotifications.swift */ = {isa = PBXFileReference; lastKnownFileType = sourcecode.swift; path = FastRTPSNotifications.swift; sourceTree = "<group>"; };
		0A7130752363503500817593 /* FastRTPSBridge.framework */ = {isa = PBXFileReference; explicitFileType = wrapper.framework; includeInIndex = 0; path = FastRTPSBridge.framework; sourceTree = BUILT_PRODUCTS_DIR; };
		0A7130782363503500817593 /* FastRTPSBridge.h */ = {isa = PBXFileReference; lastKnownFileType = sourcecode.c.h; path = FastRTPSBridge.h; sourceTree = "<group>"; };
		0A7130792363503500817593 /* Info.plist */ = {isa = PBXFileReference; lastKnownFileType = text.plist.xml; path = Info.plist; sourceTree = "<group>"; };
		0A7130812363514900817593 /* BridgedParticipantListener.mm */ = {isa = PBXFileReference; fileEncoding = 4; lastKnownFileType = sourcecode.cpp.objcpp; path = BridgedParticipantListener.mm; sourceTree = "<group>"; };
		0A7130822363514900817593 /* CustomLogConsumer.cpp */ = {isa = PBXFileReference; fileEncoding = 4; lastKnownFileType = sourcecode.cpp.cpp; path = CustomLogConsumer.cpp; sourceTree = "<group>"; };
		0A7130832363514900817593 /* CustomLogConsumer.h */ = {isa = PBXFileReference; fileEncoding = 4; lastKnownFileType = sourcecode.c.h; path = CustomLogConsumer.h; sourceTree = "<group>"; };
		0A7130842363514900817593 /* BridgedParticipantListener.h */ = {isa = PBXFileReference; fileEncoding = 4; lastKnownFileType = sourcecode.c.h; path = BridgedParticipantListener.h; sourceTree = "<group>"; };
		0A7130852363514900817593 /* FastRTPSBridge.mm */ = {isa = PBXFileReference; fileEncoding = 4; lastKnownFileType = sourcecode.cpp.objcpp; path = FastRTPSBridge.mm; sourceTree = "<group>"; };
		0A7130862363514900817593 /* DDSType.swift */ = {isa = PBXFileReference; fileEncoding = 4; lastKnownFileType = sourcecode.swift; path = DDSType.swift; sourceTree = "<group>"; };
		0A71308E2363516700817593 /* BridgedWriterListener.mm */ = {isa = PBXFileReference; fileEncoding = 4; lastKnownFileType = sourcecode.cpp.objcpp; path = BridgedWriterListener.mm; sourceTree = "<group>"; };
		0A71308F2363516700817593 /* BridgedWriterListener.h */ = {isa = PBXFileReference; fileEncoding = 4; lastKnownFileType = sourcecode.c.h; path = BridgedWriterListener.h; sourceTree = "<group>"; };
		0A7130902363516700817593 /* BridgedReaderListener.h */ = {isa = PBXFileReference; fileEncoding = 4; lastKnownFileType = sourcecode.c.h; path = BridgedReaderListener.h; sourceTree = "<group>"; };
		0A7130912363516700817593 /* PayloadDecoder.swift */ = {isa = PBXFileReference; fileEncoding = 4; lastKnownFileType = sourcecode.swift; path = PayloadDecoder.swift; sourceTree = "<group>"; };
		0A7130922363516700817593 /* BridgedParticipant.h */ = {isa = PBXFileReference; fileEncoding = 4; lastKnownFileType = sourcecode.c.h; path = BridgedParticipant.h; sourceTree = "<group>"; };
		0A7130932363516700817593 /* BridgedReaderListener.mm */ = {isa = PBXFileReference; fileEncoding = 4; lastKnownFileType = sourcecode.cpp.objcpp; path = BridgedReaderListener.mm; sourceTree = "<group>"; };
		0A7130942363516700817593 /* FastRTPSBridge-Bridging-Header.h */ = {isa = PBXFileReference; fileEncoding = 4; lastKnownFileType = sourcecode.c.h; path = "FastRTPSBridge-Bridging-Header.h"; sourceTree = "<group>"; };
		0A7130952363516700817593 /* BridgedParticipant.mm */ = {isa = PBXFileReference; fileEncoding = 4; lastKnownFileType = sourcecode.cpp.objcpp; path = BridgedParticipant.mm; sourceTree = "<group>"; };
		0A8A37CF2366D469008E8DC1 /* fastrtps_build_ios.sh */ = {isa = PBXFileReference; fileEncoding = 4; lastKnownFileType = text.script.sh; path = fastrtps_build_ios.sh; sourceTree = "<group>"; };
		0A8A37DB2366DB1B008E8DC1 /* FastRTPSBridge.framework */ = {isa = PBXFileReference; explicitFileType = wrapper.framework; includeInIndex = 0; path = FastRTPSBridge.framework; sourceTree = BUILT_PRODUCTS_DIR; };
		0AC08A7F2375F61900A80C2E /* FastRTPSNotifications.mm */ = {isa = PBXFileReference; lastKnownFileType = sourcecode.cpp.objcpp; path = FastRTPSNotifications.mm; sourceTree = "<group>"; };
		0ACE0ECA23E2390300C83C55 /* maccatalyst.toolchain.cmake */ = {isa = PBXFileReference; fileEncoding = 4; lastKnownFileType = text; path = maccatalyst.toolchain.cmake; sourceTree = "<group>"; };
/* End PBXFileReference section */

/* Begin PBXFrameworksBuildPhase section */
		0A7130722363503500817593 /* Frameworks */ = {
			isa = PBXFrameworksBuildPhase;
			buildActionMask = 2147483647;
			files = (
				0A35C9F423A52D5700CF48D6 /* libfoonathan_memory-0.6.2.a in Frameworks */,
				0A35C9F223A52D4100CF48D6 /* libfastcdr.a in Frameworks */,
				0A35C9F023A52D2500CF48D6 /* libfastrtps.a in Frameworks */,
				0A969815236EEF0100FF958F /* CDRCodable in Frameworks */,
			);
			runOnlyForDeploymentPostprocessing = 0;
		};
		0A8A37D82366DB1B008E8DC1 /* Frameworks */ = {
			isa = PBXFrameworksBuildPhase;
			buildActionMask = 2147483647;
			files = (
				0A35C9F523A54A9800CF48D6 /* libfoonathan_memory-0.6.2.a in Frameworks */,
				0A35C9FC23A577DB00CF48D6 /* libfastcdr.a in Frameworks */,
				0A35C9FD23A577DB00CF48D6 /* libfastrtps.a in Frameworks */,
				0A969817236EEF0B00FF958F /* CDRCodable in Frameworks */,
			);
			runOnlyForDeploymentPostprocessing = 0;
		};
/* End PBXFrameworksBuildPhase section */

/* Begin PBXGroup section */
		0A71306B2363503500817593 = {
			isa = PBXGroup;
			children = (
				0ACE0ECA23E2390300C83C55 /* maccatalyst.toolchain.cmake */,
				0A5B3F252364E63400BE5707 /* fastrtps_build_osx.sh */,
				0A5F6F7823E1EFDE006A6D5A /* fastrtps_build_catalyst.sh */,
				0A8A37CF2366D469008E8DC1 /* fastrtps_build_ios.sh */,
				0A7130772363503500817593 /* FastRTPSBridge */,
				0A7130762363503500817593 /* Products */,
				0A7130A32363650B00817593 /* Frameworks */,
			);
			sourceTree = "<group>";
		};
		0A7130762363503500817593 /* Products */ = {
			isa = PBXGroup;
			children = (
				0A7130752363503500817593 /* FastRTPSBridge.framework */,
				0A8A37DB2366DB1B008E8DC1 /* FastRTPSBridge.framework */,
			);
			name = Products;
			sourceTree = "<group>";
		};
		0A7130772363503500817593 /* FastRTPSBridge */ = {
			isa = PBXGroup;
			children = (
				0A7130862363514900817593 /* DDSType.swift */,
				0A7130912363516700817593 /* PayloadDecoder.swift */,
				0A70B3202375A147007E05B6 /* FastRTPSNotifications.swift */,
				0AC08A7F2375F61900A80C2E /* FastRTPSNotifications.mm */,
				0A7130852363514900817593 /* FastRTPSBridge.mm */,
				0A7130782363503500817593 /* FastRTPSBridge.h */,
				0A7130952363516700817593 /* BridgedParticipant.mm */,
				0A7130922363516700817593 /* BridgedParticipant.h */,
				0A7130932363516700817593 /* BridgedReaderListener.mm */,
				0A7130902363516700817593 /* BridgedReaderListener.h */,
				0A71308E2363516700817593 /* BridgedWriterListener.mm */,
				0A71308F2363516700817593 /* BridgedWriterListener.h */,
				0A7130812363514900817593 /* BridgedParticipantListener.mm */,
				0A7130842363514900817593 /* BridgedParticipantListener.h */,
				0A7130822363514900817593 /* CustomLogConsumer.cpp */,
				0A7130832363514900817593 /* CustomLogConsumer.h */,
				0A7130942363516700817593 /* FastRTPSBridge-Bridging-Header.h */,
				0A7130792363503500817593 /* Info.plist */,
			);
			path = FastRTPSBridge;
			sourceTree = "<group>";
		};
		0A7130A32363650B00817593 /* Frameworks */ = {
			isa = PBXGroup;
			children = (
				0A35C9F323A52D5700CF48D6 /* libfoonathan_memory-0.6.2.a */,
				0A35C9F123A52D4100CF48D6 /* libfastcdr.a */,
				0A35C9EF23A52D2500CF48D6 /* libfastrtps.a */,
			);
			name = Frameworks;
			sourceTree = "<group>";
		};
/* End PBXGroup section */

/* Begin PBXHeadersBuildPhase section */
		0A7130702363503500817593 /* Headers */ = {
			isa = PBXHeadersBuildPhase;
			buildActionMask = 2147483647;
			files = (
				0A71309C2363516700817593 /* FastRTPSBridge-Bridging-Header.h in Headers */,
				0A71309A2363516700817593 /* BridgedParticipant.h in Headers */,
				0A71308A2363514900817593 /* CustomLogConsumer.h in Headers */,
				0A71308B2363514900817593 /* BridgedParticipantListener.h in Headers */,
				0A71307A2363503500817593 /* FastRTPSBridge.h in Headers */,
				0A7130972363516700817593 /* BridgedWriterListener.h in Headers */,
				0A7130982363516700817593 /* BridgedReaderListener.h in Headers */,
			);
			runOnlyForDeploymentPostprocessing = 0;
		};
		0A8A37D62366DB1B008E8DC1 /* Headers */ = {
			isa = PBXHeadersBuildPhase;
			buildActionMask = 2147483647;
			files = (
				0A8A37E62366DC51008E8DC1 /* FastRTPSBridge.h in Headers */,
				0A8A37ED2366DC51008E8DC1 /* FastRTPSBridge-Bridging-Header.h in Headers */,
				0A8A37F12366DC51008E8DC1 /* BridgedParticipantListener.h in Headers */,
				0A8A37E92366DC51008E8DC1 /* BridgedReaderListener.h in Headers */,
				0A8A37E72366DC51008E8DC1 /* BridgedParticipant.h in Headers */,
				0A8A37EC2366DC51008E8DC1 /* BridgedWriterListener.h in Headers */,
				0A8A37EF2366DC51008E8DC1 /* CustomLogConsumer.h in Headers */,
			);
			runOnlyForDeploymentPostprocessing = 0;
		};
/* End PBXHeadersBuildPhase section */

/* Begin PBXLegacyTarget section */
		0A5B3F282364F62200BE5707 /* FastRTPS macOS */ = {
			isa = PBXLegacyTarget;
			buildArgumentsString = fastrtps_build_osx.sh;
			buildConfigurationList = 0A5B3F292364F62200BE5707 /* Build configuration list for PBXLegacyTarget "FastRTPS macOS" */;
			buildPhases = (
			);
			buildToolPath = /bin/bash;
			buildWorkingDirectory = $SRCROOT;
			dependencies = (
			);
			name = "FastRTPS macOS";
			passBuildSettingsInEnvironment = 1;
			productName = FastRTPS;
		};
		0A5F6F7A23E1F0B2006A6D5A /* FastRTPS catalyst */ = {
			isa = PBXLegacyTarget;
			buildArgumentsString = fastrtps_build_catalyst.sh;
			buildConfigurationList = 0A5F6F7B23E1F0B2006A6D5A /* Build configuration list for PBXLegacyTarget "FastRTPS catalyst" */;
			buildPhases = (
			);
			buildToolPath = /bin/bash;
			buildWorkingDirectory = $SRCROOT;
			dependencies = (
			);
			name = "FastRTPS catalyst";
			passBuildSettingsInEnvironment = 1;
			productName = FastRTPS;
		};
		0A8A37D22366D9AE008E8DC1 /* FastRTPS iOS */ = {
			isa = PBXLegacyTarget;
			buildArgumentsString = fastrtps_build_ios.sh;
			buildConfigurationList = 0A8A37D32366D9AE008E8DC1 /* Build configuration list for PBXLegacyTarget "FastRTPS iOS" */;
			buildPhases = (
			);
			buildToolPath = /bin/bash;
			buildWorkingDirectory = $SRCROOT;
			dependencies = (
			);
			name = "FastRTPS iOS";
			passBuildSettingsInEnvironment = 1;
			productName = "FastRTPS iOS";
		};
/* End PBXLegacyTarget section */

/* Begin PBXNativeTarget section */
		0A7130742363503500817593 /* FastRTPSBridge macOS */ = {
			isa = PBXNativeTarget;
			buildConfigurationList = 0A71307D2363503500817593 /* Build configuration list for PBXNativeTarget "FastRTPSBridge macOS" */;
			buildPhases = (
				0A7130702363503500817593 /* Headers */,
				0A7130712363503500817593 /* Sources */,
				0A7130722363503500817593 /* Frameworks */,
				0A7130732363503500817593 /* Resources */,
			);
			buildRules = (
			);
			dependencies = (
				0A5B3F2D236502D200BE5707 /* PBXTargetDependency */,
			);
			name = "FastRTPSBridge macOS";
			packageProductDependencies = (
				0A969814236EEF0100FF958F /* CDRCodable */,
			);
			productName = FastRTPSBridge;
			productReference = 0A7130752363503500817593 /* FastRTPSBridge.framework */;
			productType = "com.apple.product-type.framework";
		};
		0A8A37DA2366DB1B008E8DC1 /* FastRTPSBridge iOS */ = {
			isa = PBXNativeTarget;
			buildConfigurationList = 0A8A37E02366DB1B008E8DC1 /* Build configuration list for PBXNativeTarget "FastRTPSBridge iOS" */;
			buildPhases = (
				0A8A37D62366DB1B008E8DC1 /* Headers */,
				0A8A37D72366DB1B008E8DC1 /* Sources */,
				0A8A37D82366DB1B008E8DC1 /* Frameworks */,
				0A8A37D92366DB1B008E8DC1 /* Resources */,
			);
			buildRules = (
			);
			dependencies = (
				0A5F6F7F23E1F182006A6D5A /* PBXTargetDependency */,
				0AD9938E2366F82F00D037A3 /* PBXTargetDependency */,
			);
			name = "FastRTPSBridge iOS";
			packageProductDependencies = (
				0A969816236EEF0B00FF958F /* CDRCodable */,
			);
			productName = "FastRTPSBridge iOS";
			productReference = 0A8A37DB2366DB1B008E8DC1 /* FastRTPSBridge.framework */;
			productType = "com.apple.product-type.framework";
		};
/* End PBXNativeTarget section */

/* Begin PBXProject section */
		0A71306C2363503500817593 /* Project object */ = {
			isa = PBXProject;
			attributes = {
				LastUpgradeCheck = 1130;
				ORGANIZATIONNAME = "Dmitriy Borovikov";
				TargetAttributes = {
					0A5B3F282364F62200BE5707 = {
						CreatedOnToolsVersion = 11.1;
					};
					0A7130742363503500817593 = {
						CreatedOnToolsVersion = 11.1;
						LastSwiftMigration = 1110;
					};
					0A8A37D22366D9AE008E8DC1 = {
						CreatedOnToolsVersion = 11.1;
					};
					0A8A37DA2366DB1B008E8DC1 = {
						CreatedOnToolsVersion = 11.1;
					};
				};
			};
			buildConfigurationList = 0A71306F2363503500817593 /* Build configuration list for PBXProject "FastRTPSBridge" */;
			compatibilityVersion = "Xcode 10.0";
			developmentRegion = en;
			hasScannedForEncodings = 0;
			knownRegions = (
				en,
				Base,
			);
			mainGroup = 0A71306B2363503500817593;
			packageReferences = (
				0A969813236EEF0100FF958F /* XCRemoteSwiftPackageReference "CDRCodable" */,
			);
			productRefGroup = 0A7130762363503500817593 /* Products */;
			projectDirPath = "";
			projectRoot = "";
			targets = (
				0A7130742363503500817593 /* FastRTPSBridge macOS */,
				0A8A37DA2366DB1B008E8DC1 /* FastRTPSBridge iOS */,
				0A5B3F282364F62200BE5707 /* FastRTPS macOS */,
				0A8A37D22366D9AE008E8DC1 /* FastRTPS iOS */,
				0A5F6F7A23E1F0B2006A6D5A /* FastRTPS catalyst */,
			);
		};
/* End PBXProject section */

/* Begin PBXResourcesBuildPhase section */
		0A7130732363503500817593 /* Resources */ = {
			isa = PBXResourcesBuildPhase;
			buildActionMask = 2147483647;
			files = (
			);
			runOnlyForDeploymentPostprocessing = 0;
		};
		0A8A37D92366DB1B008E8DC1 /* Resources */ = {
			isa = PBXResourcesBuildPhase;
			buildActionMask = 2147483647;
			files = (
			);
			runOnlyForDeploymentPostprocessing = 0;
		};
/* End PBXResourcesBuildPhase section */

/* Begin PBXSourcesBuildPhase section */
		0A7130712363503500817593 /* Sources */ = {
			isa = PBXSourcesBuildPhase;
			buildActionMask = 2147483647;
			files = (
				0A7130882363514900817593 /* BridgedParticipantListener.mm in Sources */,
				0AC08A802375F61900A80C2E /* FastRTPSNotifications.mm in Sources */,
				0A71308D2363514900817593 /* DDSType.swift in Sources */,
				0A7130962363516700817593 /* BridgedWriterListener.mm in Sources */,
				0A71308C2363514900817593 /* FastRTPSBridge.mm in Sources */,
				0A7130992363516700817593 /* PayloadDecoder.swift in Sources */,
				0A7130892363514900817593 /* CustomLogConsumer.cpp in Sources */,
				0A71309B2363516700817593 /* BridgedReaderListener.mm in Sources */,
				0A71309D2363516700817593 /* BridgedParticipant.mm in Sources */,
				0A70B3212375A147007E05B6 /* FastRTPSNotifications.swift in Sources */,
			);
			runOnlyForDeploymentPostprocessing = 0;
		};
		0A8A37D72366DB1B008E8DC1 /* Sources */ = {
			isa = PBXSourcesBuildPhase;
			buildActionMask = 2147483647;
			files = (
				0A8A37EA2366DC51008E8DC1 /* BridgedReaderListener.mm in Sources */,
				0AC08A812375F61900A80C2E /* FastRTPSNotifications.mm in Sources */,
				0A8A37E52366DC51008E8DC1 /* FastRTPSBridge.mm in Sources */,
				0A8A37EB2366DC51008E8DC1 /* BridgedWriterListener.mm in Sources */,
				0A8A37EE2366DC51008E8DC1 /* CustomLogConsumer.cpp in Sources */,
				0A8A37E32366DC51008E8DC1 /* DDSType.swift in Sources */,
				0A8A37E42366DC51008E8DC1 /* PayloadDecoder.swift in Sources */,
				0A8A37F02366DC51008E8DC1 /* BridgedParticipantListener.mm in Sources */,
				0A8A37E82366DC51008E8DC1 /* BridgedParticipant.mm in Sources */,
				0A70B3222375A147007E05B6 /* FastRTPSNotifications.swift in Sources */,
			);
			runOnlyForDeploymentPostprocessing = 0;
		};
/* End PBXSourcesBuildPhase section */

/* Begin PBXTargetDependency section */
		0A5B3F2D236502D200BE5707 /* PBXTargetDependency */ = {
			isa = PBXTargetDependency;
			target = 0A5B3F282364F62200BE5707 /* FastRTPS macOS */;
			targetProxy = 0A5B3F2C236502D200BE5707 /* PBXContainerItemProxy */;
		};
		0A5F6F7F23E1F182006A6D5A /* PBXTargetDependency */ = {
			isa = PBXTargetDependency;
			platformFilter = maccatalyst;
			target = 0A5F6F7A23E1F0B2006A6D5A /* FastRTPS catalyst */;
			targetProxy = 0A5F6F7E23E1F182006A6D5A /* PBXContainerItemProxy */;
		};
		0AD9938E2366F82F00D037A3 /* PBXTargetDependency */ = {
			isa = PBXTargetDependency;
			platformFilter = ios;
			target = 0A8A37D22366D9AE008E8DC1 /* FastRTPS iOS */;
			targetProxy = 0AD9938D2366F82F00D037A3 /* PBXContainerItemProxy */;
		};
/* End PBXTargetDependency section */

/* Begin XCBuildConfiguration section */
		0A5B3F2A2364F62200BE5707 /* Debug */ = {
			isa = XCBuildConfiguration;
			buildSettings = {
				CLANG_WARN_DOCUMENTATION_COMMENTS = YES;
				CODE_SIGN_STYLE = Manual;
				DEBUGGING_SYMBOLS = YES;
				DEBUG_INFORMATION_FORMAT = dwarf;
				DEVELOPMENT_TEAM = 9BEQ8V4XH9;
				GCC_GENERATE_DEBUGGING_SYMBOLS = YES;
				GCC_OPTIMIZATION_LEVEL = 0;
				OTHER_CFLAGS = "";
				OTHER_LDFLAGS = "";
				PRODUCT_NAME = "$(TARGET_NAME)";
			};
			name = Debug;
		};
		0A5B3F2B2364F62200BE5707 /* Release */ = {
			isa = XCBuildConfiguration;
			buildSettings = {
				CLANG_WARN_DOCUMENTATION_COMMENTS = YES;
				CODE_SIGN_STYLE = Manual;
				DEBUG_INFORMATION_FORMAT = "dwarf-with-dsym";
				DEVELOPMENT_TEAM = 9BEQ8V4XH9;
				OTHER_CFLAGS = "";
				OTHER_LDFLAGS = "";
				PRODUCT_NAME = "$(TARGET_NAME)";
			};
			name = Release;
		};
		0A5F6F7C23E1F0B2006A6D5A /* Debug */ = {
			isa = XCBuildConfiguration;
			buildSettings = {
				CLANG_WARN_DOCUMENTATION_COMMENTS = YES;
				CODE_SIGN_STYLE = Manual;
				DEBUGGING_SYMBOLS = YES;
				DEBUG_INFORMATION_FORMAT = dwarf;
				DEVELOPMENT_TEAM = 9BEQ8V4XH9;
				GCC_GENERATE_DEBUGGING_SYMBOLS = YES;
				GCC_OPTIMIZATION_LEVEL = 0;
				OTHER_CFLAGS = "";
				OTHER_LDFLAGS = "";
				PRODUCT_NAME = "$(TARGET_NAME)";
			};
			name = Debug;
		};
		0A5F6F7D23E1F0B2006A6D5A /* Release */ = {
			isa = XCBuildConfiguration;
			buildSettings = {
				CLANG_WARN_DOCUMENTATION_COMMENTS = YES;
				CODE_SIGN_STYLE = Manual;
				DEBUG_INFORMATION_FORMAT = "dwarf-with-dsym";
				DEVELOPMENT_TEAM = 9BEQ8V4XH9;
				OTHER_CFLAGS = "";
				OTHER_LDFLAGS = "";
				PRODUCT_NAME = "$(TARGET_NAME)";
			};
			name = Release;
		};
		0A71307B2363503500817593 /* Debug */ = {
			isa = XCBuildConfiguration;
			buildSettings = {
				ALWAYS_SEARCH_USER_PATHS = NO;
				CLANG_ANALYZER_NONNULL = YES;
				CLANG_ANALYZER_NUMBER_OBJECT_CONVERSION = YES_AGGRESSIVE;
				CLANG_CXX_LANGUAGE_STANDARD = "gnu++14";
				CLANG_CXX_LIBRARY = "libc++";
				CLANG_ENABLE_MODULES = YES;
				CLANG_ENABLE_OBJC_ARC = YES;
				CLANG_ENABLE_OBJC_WEAK = YES;
				CLANG_WARN_BLOCK_CAPTURE_AUTORELEASING = YES;
				CLANG_WARN_BOOL_CONVERSION = YES;
				CLANG_WARN_COMMA = YES;
				CLANG_WARN_CONSTANT_CONVERSION = YES;
				CLANG_WARN_DEPRECATED_OBJC_IMPLEMENTATIONS = YES;
				CLANG_WARN_DIRECT_OBJC_ISA_USAGE = YES_ERROR;
				CLANG_WARN_DOCUMENTATION_COMMENTS = NO;
				CLANG_WARN_EMPTY_BODY = YES;
				CLANG_WARN_ENUM_CONVERSION = YES;
				CLANG_WARN_INFINITE_RECURSION = YES;
				CLANG_WARN_INT_CONVERSION = YES;
				CLANG_WARN_NON_LITERAL_NULL_CONVERSION = YES;
				CLANG_WARN_OBJC_IMPLICIT_RETAIN_SELF = YES;
				CLANG_WARN_OBJC_LITERAL_CONVERSION = YES;
				CLANG_WARN_OBJC_ROOT_CLASS = YES_ERROR;
				CLANG_WARN_RANGE_LOOP_ANALYSIS = YES;
				CLANG_WARN_STRICT_PROTOTYPES = YES;
				CLANG_WARN_SUSPICIOUS_MOVE = YES;
				CLANG_WARN_UNGUARDED_AVAILABILITY = YES_AGGRESSIVE;
				CLANG_WARN_UNREACHABLE_CODE = YES;
				CLANG_WARN__DUPLICATE_METHOD_MATCH = YES;
				COPY_PHASE_STRIP = NO;
				CURRENT_PROJECT_VERSION = 1;
				DEBUG_INFORMATION_FORMAT = dwarf;
				ENABLE_STRICT_OBJC_MSGSEND = YES;
				ENABLE_TESTABILITY = YES;
				FastRTPS_repo = "-b feature/remote-whitelist-1.9.4 https://github.com/DimaRU/Fast-RTPS.git";
				Foonathan_memory_repo = "https://github.com/DimaRU/memory.git";
				GCC_C_LANGUAGE_STANDARD = gnu11;
				GCC_DYNAMIC_NO_PIC = NO;
				GCC_NO_COMMON_BLOCKS = YES;
				GCC_OPTIMIZATION_LEVEL = 0;
				GCC_PREPROCESSOR_DEFINITIONS = (
					"DEBUG=1",
					"$(inherited)",
				);
				GCC_WARN_64_TO_32_BIT_CONVERSION = YES;
				GCC_WARN_ABOUT_RETURN_TYPE = YES_ERROR;
				GCC_WARN_UNDECLARED_SELECTOR = YES;
				GCC_WARN_UNINITIALIZED_AUTOS = YES_AGGRESSIVE;
				GCC_WARN_UNUSED_FUNCTION = YES;
				GCC_WARN_UNUSED_VARIABLE = YES;
				HEADER_SEARCH_PATHS = "";
				IPHONEOS_DEPLOYMENT_TARGET = 12.1;
				MACOSX_DEPLOYMENT_TARGET = 10.13;
				MARKETING_VERSION = 1.0.1;
				MTL_ENABLE_DEBUG_INFO = INCLUDE_SOURCE;
				MTL_FAST_MATH = YES;
				ONLY_ACTIVE_ARCH = YES;
				SDKROOT = "";
				SUPPORTED_PLATFORMS = "iphonesimulator iphoneos macosx";
				SUPPORTS_MACCATALYST = YES;
				SWIFT_ACTIVE_COMPILATION_CONDITIONS = DEBUG;
				SWIFT_OPTIMIZATION_LEVEL = "-Onone";
				VERSIONING_SYSTEM = "apple-generic";
				VERSION_INFO_PREFIX = "";
			};
			name = Debug;
		};
		0A71307C2363503500817593 /* Release */ = {
			isa = XCBuildConfiguration;
			buildSettings = {
				ALWAYS_SEARCH_USER_PATHS = NO;
				CLANG_ANALYZER_NONNULL = YES;
				CLANG_ANALYZER_NUMBER_OBJECT_CONVERSION = YES_AGGRESSIVE;
				CLANG_CXX_LANGUAGE_STANDARD = "gnu++14";
				CLANG_CXX_LIBRARY = "libc++";
				CLANG_ENABLE_MODULES = YES;
				CLANG_ENABLE_OBJC_ARC = YES;
				CLANG_ENABLE_OBJC_WEAK = YES;
				CLANG_WARN_BLOCK_CAPTURE_AUTORELEASING = YES;
				CLANG_WARN_BOOL_CONVERSION = YES;
				CLANG_WARN_COMMA = YES;
				CLANG_WARN_CONSTANT_CONVERSION = YES;
				CLANG_WARN_DEPRECATED_OBJC_IMPLEMENTATIONS = YES;
				CLANG_WARN_DIRECT_OBJC_ISA_USAGE = YES_ERROR;
				CLANG_WARN_DOCUMENTATION_COMMENTS = NO;
				CLANG_WARN_EMPTY_BODY = YES;
				CLANG_WARN_ENUM_CONVERSION = YES;
				CLANG_WARN_INFINITE_RECURSION = YES;
				CLANG_WARN_INT_CONVERSION = YES;
				CLANG_WARN_NON_LITERAL_NULL_CONVERSION = YES;
				CLANG_WARN_OBJC_IMPLICIT_RETAIN_SELF = YES;
				CLANG_WARN_OBJC_LITERAL_CONVERSION = YES;
				CLANG_WARN_OBJC_ROOT_CLASS = YES_ERROR;
				CLANG_WARN_RANGE_LOOP_ANALYSIS = YES;
				CLANG_WARN_STRICT_PROTOTYPES = YES;
				CLANG_WARN_SUSPICIOUS_MOVE = YES;
				CLANG_WARN_UNGUARDED_AVAILABILITY = YES_AGGRESSIVE;
				CLANG_WARN_UNREACHABLE_CODE = YES;
				CLANG_WARN__DUPLICATE_METHOD_MATCH = YES;
				COPY_PHASE_STRIP = NO;
				CURRENT_PROJECT_VERSION = 1;
				DEBUG_INFORMATION_FORMAT = "dwarf-with-dsym";
				ENABLE_NS_ASSERTIONS = NO;
				ENABLE_STRICT_OBJC_MSGSEND = YES;
				FastRTPS_repo = "-b feature/remote-whitelist-1.9.4 https://github.com/DimaRU/Fast-RTPS.git";
				Foonathan_memory_repo = "https://github.com/DimaRU/memory.git";
				GCC_C_LANGUAGE_STANDARD = gnu11;
				GCC_NO_COMMON_BLOCKS = YES;
				GCC_WARN_64_TO_32_BIT_CONVERSION = YES;
				GCC_WARN_ABOUT_RETURN_TYPE = YES_ERROR;
				GCC_WARN_UNDECLARED_SELECTOR = YES;
				GCC_WARN_UNINITIALIZED_AUTOS = YES_AGGRESSIVE;
				GCC_WARN_UNUSED_FUNCTION = YES;
				GCC_WARN_UNUSED_VARIABLE = YES;
				HEADER_SEARCH_PATHS = "";
				IPHONEOS_DEPLOYMENT_TARGET = 12.1;
				MACOSX_DEPLOYMENT_TARGET = 10.13;
				MARKETING_VERSION = 1.0.1;
				MTL_ENABLE_DEBUG_INFO = NO;
				MTL_FAST_MATH = YES;
				SDKROOT = "";
				SUPPORTED_PLATFORMS = "iphonesimulator iphoneos macosx";
				SUPPORTS_MACCATALYST = YES;
				SWIFT_COMPILATION_MODE = wholemodule;
				SWIFT_OPTIMIZATION_LEVEL = "-O";
				VERSIONING_SYSTEM = "apple-generic";
				VERSION_INFO_PREFIX = "";
			};
			name = Release;
		};
		0A71307E2363503500817593 /* Debug */ = {
			isa = XCBuildConfiguration;
			buildSettings = {
				CLANG_ENABLE_MODULES = YES;
				CODE_SIGN_IDENTITY = "";
				CODE_SIGN_INJECT_BASE_ENTITLEMENTS = YES;
				CODE_SIGN_STYLE = Manual;
				COMBINE_HIDPI_IMAGES = YES;
				DEFINES_MODULE = YES;
				DEVELOPMENT_TEAM = "";
				DYLIB_COMPATIBILITY_VERSION = 1;
				DYLIB_CURRENT_VERSION = 1;
				DYLIB_INSTALL_NAME_BASE = "@rpath";
				HEADER_SEARCH_PATHS = "$(BUILT_PRODUCTS_DIR)/fastrtps/include";
				INFOPLIST_FILE = FastRTPSBridge/Info.plist;
				INSTALL_PATH = "$(LOCAL_LIBRARY_DIR)/Frameworks";
				LD_RUNPATH_SEARCH_PATHS = (
					"$(inherited)",
					"@executable_path/../Frameworks",
					"@loader_path/Frameworks",
				);
				LIBRARY_SEARCH_PATHS = "$(BUILT_PRODUCTS_DIR)/fastrtps/lib";
				MACOSX_DEPLOYMENT_TARGET = 10.13;
				MARKETING_VERSION = 1.0.0;
				PRODUCT_BUNDLE_IDENTIFIER = in.ioshack.FastRTPSBridge;
				PRODUCT_NAME = FastRTPSBridge;
				PROVISIONING_PROFILE_SPECIFIER = "";
				SDKROOT = macosx;
				SKIP_INSTALL = YES;
				SUPPORTED_PLATFORMS = macosx;
				SUPPORTS_MACCATALYST = NO;
				SWIFT_INCLUDE_PATHS = "$(BUILT_PRODUCTS_DIR)/fastrtps";
				SWIFT_OPTIMIZATION_LEVEL = "-Onone";
				SWIFT_VERSION = 5.0;
			};
			name = Debug;
		};
		0A71307F2363503500817593 /* Release */ = {
			isa = XCBuildConfiguration;
			buildSettings = {
				CLANG_ENABLE_MODULES = YES;
				CODE_SIGN_IDENTITY = "";
				CODE_SIGN_INJECT_BASE_ENTITLEMENTS = YES;
				CODE_SIGN_STYLE = Manual;
				COMBINE_HIDPI_IMAGES = YES;
				DEFINES_MODULE = YES;
				DEVELOPMENT_TEAM = "";
				DYLIB_COMPATIBILITY_VERSION = 1;
				DYLIB_CURRENT_VERSION = 1;
				DYLIB_INSTALL_NAME_BASE = "@rpath";
				HEADER_SEARCH_PATHS = "$(BUILT_PRODUCTS_DIR)/fastrtps/include";
				INFOPLIST_FILE = FastRTPSBridge/Info.plist;
				INSTALL_PATH = "$(LOCAL_LIBRARY_DIR)/Frameworks";
				LD_RUNPATH_SEARCH_PATHS = (
					"$(inherited)",
					"@executable_path/../Frameworks",
					"@loader_path/Frameworks",
				);
				LIBRARY_SEARCH_PATHS = "$(BUILT_PRODUCTS_DIR)/fastrtps/lib";
				MACOSX_DEPLOYMENT_TARGET = 10.13;
				MARKETING_VERSION = 1.0.0;
				PRODUCT_BUNDLE_IDENTIFIER = in.ioshack.FastRTPSBridge;
				PRODUCT_NAME = FastRTPSBridge;
				PROVISIONING_PROFILE_SPECIFIER = "";
				SDKROOT = macosx;
				SKIP_INSTALL = YES;
				SUPPORTED_PLATFORMS = macosx;
				SUPPORTS_MACCATALYST = NO;
				SWIFT_INCLUDE_PATHS = "$(BUILT_PRODUCTS_DIR)/fastrtps";
				SWIFT_VERSION = 5.0;
			};
			name = Release;
		};
		0A8A37D42366D9AE008E8DC1 /* Debug */ = {
			isa = XCBuildConfiguration;
			buildSettings = {
				CLANG_WARN_DOCUMENTATION_COMMENTS = YES;
				CODE_SIGN_STYLE = Automatic;
				DEBUGGING_SYMBOLS = YES;
				DEBUG_INFORMATION_FORMAT = dwarf;
				DEVELOPMENT_TEAM = 9BEQ8V4XH9;
				GCC_GENERATE_DEBUGGING_SYMBOLS = YES;
				GCC_OPTIMIZATION_LEVEL = 0;
				OTHER_CFLAGS = "";
				OTHER_LDFLAGS = "";
				PRODUCT_NAME = "$(TARGET_NAME)";
			};
			name = Debug;
		};
		0A8A37D52366D9AE008E8DC1 /* Release */ = {
			isa = XCBuildConfiguration;
			buildSettings = {
				CLANG_WARN_DOCUMENTATION_COMMENTS = YES;
				CODE_SIGN_STYLE = Automatic;
				DEBUG_INFORMATION_FORMAT = "dwarf-with-dsym";
				DEVELOPMENT_TEAM = 9BEQ8V4XH9;
				OTHER_CFLAGS = "";
				OTHER_LDFLAGS = "";
				PRODUCT_NAME = "$(TARGET_NAME)";
			};
			name = Release;
		};
		0A8A37E12366DB1B008E8DC1 /* Debug */ = {
			isa = XCBuildConfiguration;
			buildSettings = {
				CLANG_WARN_DOCUMENTATION_COMMENTS = NO;
				CODE_SIGN_STYLE = Manual;
				DEFINES_MODULE = YES;
				DEVELOPMENT_TEAM = "";
				DYLIB_COMPATIBILITY_VERSION = 1;
				DYLIB_CURRENT_VERSION = 1;
				DYLIB_INSTALL_NAME_BASE = "@rpath";
				ENABLE_BITCODE = NO;
				HEADER_SEARCH_PATHS = "$(BUILT_PRODUCTS_DIR)/fastrtps/include";
				INFOPLIST_FILE = FastRTPSBridge/Info.plist;
				INSTALL_PATH = "$(LOCAL_LIBRARY_DIR)/Frameworks";
				IPHONEOS_DEPLOYMENT_TARGET = 12.1;
				LD_RUNPATH_SEARCH_PATHS = (
					"$(inherited)",
					"@executable_path/Frameworks",
					"@loader_path/Frameworks",
				);
				LIBRARY_SEARCH_PATHS = "$(BUILT_PRODUCTS_DIR)/fastrtps/lib";
				MARKETING_VERSION = 1.0.0;
				PRODUCT_BUNDLE_IDENTIFIER = in.ioshack.FastRTPSBridge;
				PRODUCT_NAME = FastRTPSBridge;
				PROVISIONING_PROFILE_SPECIFIER = "";
				SDKROOT = iphoneos;
				SKIP_INSTALL = YES;
				SUPPORTED_PLATFORMS = "iphonesimulator iphoneos";
				SUPPORTS_MACCATALYST = YES;
				SWIFT_INCLUDE_PATHS = "$(BUILT_PRODUCTS_DIR)/fastrtps";
				SWIFT_VERSION = 5.0;
				TARGETED_DEVICE_FAMILY = "1,2";
			};
			name = Debug;
		};
		0A8A37E22366DB1B008E8DC1 /* Release */ = {
			isa = XCBuildConfiguration;
			buildSettings = {
				CLANG_WARN_DOCUMENTATION_COMMENTS = NO;
				CODE_SIGN_STYLE = Manual;
				DEFINES_MODULE = YES;
				DEVELOPMENT_TEAM = "";
				DYLIB_COMPATIBILITY_VERSION = 1;
				DYLIB_CURRENT_VERSION = 1;
				DYLIB_INSTALL_NAME_BASE = "@rpath";
				ENABLE_BITCODE = NO;
				HEADER_SEARCH_PATHS = "$(BUILT_PRODUCTS_DIR)/fastrtps/include";
				INFOPLIST_FILE = FastRTPSBridge/Info.plist;
				INSTALL_PATH = "$(LOCAL_LIBRARY_DIR)/Frameworks";
				IPHONEOS_DEPLOYMENT_TARGET = 12.1;
				LD_RUNPATH_SEARCH_PATHS = (
					"$(inherited)",
					"@executable_path/Frameworks",
					"@loader_path/Frameworks",
				);
				LIBRARY_SEARCH_PATHS = "$(BUILT_PRODUCTS_DIR)/fastrtps/lib";
				MARKETING_VERSION = 1.0.0;
				PRODUCT_BUNDLE_IDENTIFIER = in.ioshack.FastRTPSBridge;
				PRODUCT_NAME = FastRTPSBridge;
				PROVISIONING_PROFILE_SPECIFIER = "";
				SDKROOT = iphoneos;
				SKIP_INSTALL = YES;
				SUPPORTED_PLATFORMS = "iphonesimulator iphoneos";
				SUPPORTS_MACCATALYST = YES;
				SWIFT_INCLUDE_PATHS = "$(BUILT_PRODUCTS_DIR)/fastrtps";
				SWIFT_VERSION = 5.0;
				TARGETED_DEVICE_FAMILY = "1,2";
				VALIDATE_PRODUCT = YES;
			};
			name = Release;
		};
/* End XCBuildConfiguration section */

/* Begin XCConfigurationList section */
		0A5B3F292364F62200BE5707 /* Build configuration list for PBXLegacyTarget "FastRTPS macOS" */ = {
			isa = XCConfigurationList;
			buildConfigurations = (
				0A5B3F2A2364F62200BE5707 /* Debug */,
				0A5B3F2B2364F62200BE5707 /* Release */,
			);
			defaultConfigurationIsVisible = 0;
			defaultConfigurationName = Release;
		};
		0A5F6F7B23E1F0B2006A6D5A /* Build configuration list for PBXLegacyTarget "FastRTPS catalyst" */ = {
			isa = XCConfigurationList;
			buildConfigurations = (
				0A5F6F7C23E1F0B2006A6D5A /* Debug */,
				0A5F6F7D23E1F0B2006A6D5A /* Release */,
			);
			defaultConfigurationIsVisible = 0;
			defaultConfigurationName = Release;
		};
		0A71306F2363503500817593 /* Build configuration list for PBXProject "FastRTPSBridge" */ = {
			isa = XCConfigurationList;
			buildConfigurations = (
				0A71307B2363503500817593 /* Debug */,
				0A71307C2363503500817593 /* Release */,
			);
			defaultConfigurationIsVisible = 0;
			defaultConfigurationName = Release;
		};
		0A71307D2363503500817593 /* Build configuration list for PBXNativeTarget "FastRTPSBridge macOS" */ = {
			isa = XCConfigurationList;
			buildConfigurations = (
				0A71307E2363503500817593 /* Debug */,
				0A71307F2363503500817593 /* Release */,
			);
			defaultConfigurationIsVisible = 0;
			defaultConfigurationName = Release;
		};
		0A8A37D32366D9AE008E8DC1 /* Build configuration list for PBXLegacyTarget "FastRTPS iOS" */ = {
			isa = XCConfigurationList;
			buildConfigurations = (
				0A8A37D42366D9AE008E8DC1 /* Debug */,
				0A8A37D52366D9AE008E8DC1 /* Release */,
			);
			defaultConfigurationIsVisible = 0;
			defaultConfigurationName = Release;
		};
		0A8A37E02366DB1B008E8DC1 /* Build configuration list for PBXNativeTarget "FastRTPSBridge iOS" */ = {
			isa = XCConfigurationList;
			buildConfigurations = (
				0A8A37E12366DB1B008E8DC1 /* Debug */,
				0A8A37E22366DB1B008E8DC1 /* Release */,
			);
			defaultConfigurationIsVisible = 0;
			defaultConfigurationName = Release;
		};
/* End XCConfigurationList section */

/* Begin XCRemoteSwiftPackageReference section */
		0A969813236EEF0100FF958F /* XCRemoteSwiftPackageReference "CDRCodable" */ = {
			isa = XCRemoteSwiftPackageReference;
			repositoryURL = "https://github.com/DimaRU/CDRCodable.git";
			requirement = {
				kind = exactVersion;
				version = 0.0.1;
			};
		};
/* End XCRemoteSwiftPackageReference section */

/* Begin XCSwiftPackageProductDependency section */
		0A969814236EEF0100FF958F /* CDRCodable */ = {
			isa = XCSwiftPackageProductDependency;
			package = 0A969813236EEF0100FF958F /* XCRemoteSwiftPackageReference "CDRCodable" */;
			productName = CDRCodable;
		};
		0A969816236EEF0B00FF958F /* CDRCodable */ = {
			isa = XCSwiftPackageProductDependency;
			package = 0A969813236EEF0100FF958F /* XCRemoteSwiftPackageReference "CDRCodable" */;
			productName = CDRCodable;
		};
/* End XCSwiftPackageProductDependency section */
	};
	rootObject = 0A71306C2363503500817593 /* Project object */;
}
