// !$*UTF8*$!
{
	archiveVersion = 1;
	classes = {
	};
	objectVersion = 52;
	objects = {

/* Begin PBXBuildFile section */
		0A1EE4C6251E28C000CBFF16 /* BridgedParticipant.cpp in Sources */ = {isa = PBXBuildFile; fileRef = 0AA1A1A12510FF1100253316 /* BridgedParticipant.cpp */; };
		0A1EE4C7251E28C000CBFF16 /* CustomLogConsumer.cpp in Sources */ = {isa = PBXBuildFile; fileRef = 0AA1A1A32510FF1100253316 /* CustomLogConsumer.cpp */; };
		0A1EE4C8251E28C000CBFF16 /* BridgedParticipantListener.h in Headers */ = {isa = PBXBuildFile; fileRef = 0AA1A19D2510FF1000253316 /* BridgedParticipantListener.h */; };
		0A1EE4C9251E28C000CBFF16 /* CustomLogConsumer.h in Headers */ = {isa = PBXBuildFile; fileRef = 0AA1A1A72510FF1100253316 /* CustomLogConsumer.h */; };
		0A1EE4CA251E28C000CBFF16 /* BridgedReaderListener.h in Headers */ = {isa = PBXBuildFile; fileRef = 0AA1A1A82510FF1100253316 /* BridgedReaderListener.h */; };
		0A1EE4CB251E28C000CBFF16 /* BridgedWriterListener.h in Headers */ = {isa = PBXBuildFile; fileRef = 0AA1A1A42510FF1100253316 /* BridgedWriterListener.h */; };
		0A1EE4CC251E28C000CBFF16 /* BridgedParticipantListener.cpp in Sources */ = {isa = PBXBuildFile; fileRef = 0AA1A1A52510FF1100253316 /* BridgedParticipantListener.cpp */; };
		0A1EE4CD251E28C000CBFF16 /* BridgedReaderListener.cpp in Sources */ = {isa = PBXBuildFile; fileRef = 0AA1A1A22510FF1100253316 /* BridgedReaderListener.cpp */; };
		0A1EE4CE251E28C000CBFF16 /* FastRTPSWrapper.cpp in Sources */ = {isa = PBXBuildFile; fileRef = 0AA1A19E2510FF1100253316 /* FastRTPSWrapper.cpp */; };
		0A1EE4CF251E28C000CBFF16 /* BridgedWriterListener.cpp in Sources */ = {isa = PBXBuildFile; fileRef = 0AA1A1A62510FF1100253316 /* BridgedWriterListener.cpp */; };
		0A1EE4D0251E28C000CBFF16 /* BridgedParticipant.h in Headers */ = {isa = PBXBuildFile; fileRef = 0AA1A1A92510FF1100253316 /* BridgedParticipant.h */; };
		0A1EE4D5251E28D000CBFF16 /* PayloadDecoderProxy.swift in Sources */ = {isa = PBXBuildFile; fileRef = 0AA1A1AD2510FF1100253316 /* PayloadDecoderProxy.swift */; };
		0A1EE4D6251E28D000CBFF16 /* DDSType.swift in Sources */ = {isa = PBXBuildFile; fileRef = 0AA1A1AF2510FF1100253316 /* DDSType.swift */; };
		0A1EE4D7251E28D000CBFF16 /* FastRTPSBridge.swift in Sources */ = {isa = PBXBuildFile; fileRef = 0AA1A1AE2510FF1100253316 /* FastRTPSBridge.swift */; };
		0A1EE4D8251E28D000CBFF16 /* DDSTopic.swift in Sources */ = {isa = PBXBuildFile; fileRef = 0AA1A1AB2510FF1100253316 /* DDSTopic.swift */; };
		0A1EE4D9251E28D000CBFF16 /* FastRTPSNotifications.swift in Sources */ = {isa = PBXBuildFile; fileRef = 0AA1A1AC2510FF1100253316 /* FastRTPSNotifications.swift */; };
		0A1EE4DA251E28D000CBFF16 /* FastRTPSBridge.h in Headers */ = {isa = PBXBuildFile; fileRef = 0A9A775A2515F79B0035D485 /* FastRTPSBridge.h */; settings = {ATTRIBUTES = (Public, ); }; };
		0A1EE4E7251E294400CBFF16 /* FastRTPSWrapper.h in Headers */ = {isa = PBXBuildFile; fileRef = 0AA1A1A02510FF1100253316 /* FastRTPSWrapper.h */; settings = {ATTRIBUTES = (Public, ); }; };
		0A1EE504251E36DF00CBFF16 /* libfoonathan_memory-0.6.2.a in Frameworks */ = {isa = PBXBuildFile; fileRef = 0A35C9F323A52D5700CF48D6 /* libfoonathan_memory-0.6.2.a */; };
		0A1EE505251E36E100CBFF16 /* libfastcdr.a in Frameworks */ = {isa = PBXBuildFile; fileRef = 0A35C9F123A52D4100CF48D6 /* libfastcdr.a */; };
		0A1EE506251E36E400CBFF16 /* libfastrtps.a in Frameworks */ = {isa = PBXBuildFile; fileRef = 0A35C9EF23A52D2500CF48D6 /* libfastrtps.a */; };
		0A1EE513251E387400CBFF16 /* CDRCodable in Frameworks */ = {isa = PBXBuildFile; productRef = 0A1EE512251E387400CBFF16 /* CDRCodable */; };
		0AA1A1DD2511015900253316 /* RovTopic.swift in Sources */ = {isa = PBXBuildFile; fileRef = 0AA1A1D72511015900253316 /* RovTopic.swift */; };
		0AA1A1DE2511015900253316 /* RovBarometer.swift in Sources */ = {isa = PBXBuildFile; fileRef = 0AA1A1D82511015900253316 /* RovBarometer.swift */; };
		0AA1A1DF2511015900253316 /* FastRTPSBridgeTests.swift in Sources */ = {isa = PBXBuildFile; fileRef = 0AA1A1D92511015900253316 /* FastRTPSBridgeTests.swift */; };
		0AA1A1E02511015900253316 /* XCTestManifests.swift in Sources */ = {isa = PBXBuildFile; fileRef = 0AA1A1DA2511015900253316 /* XCTestManifests.swift */; };
		0AA1A1E12511015900253316 /* RovDepth.swift in Sources */ = {isa = PBXBuildFile; fileRef = 0AA1A1DB2511015900253316 /* RovDepth.swift */; };
/* End PBXBuildFile section */

/* Begin PBXContainerItemProxy section */
		0A1EE4C0251E288F00CBFF16 /* PBXContainerItemProxy */ = {
			isa = PBXContainerItemProxy;
			containerPortal = 0A71306C2363503500817593 /* Project object */;
			proxyType = 1;
			remoteGlobalIDString = 0A1EE4A1251E274400CBFF16;
			remoteInfo = FastRTPS;
		};
		0A1EE516251E3D5B00CBFF16 /* PBXContainerItemProxy */ = {
			isa = PBXContainerItemProxy;
			containerPortal = 0A71306C2363503500817593 /* Project object */;
			proxyType = 1;
			remoteGlobalIDString = 0A1EE4AF251E27EC00CBFF16;
			remoteInfo = FastRTPSBridge;
		};
/* End PBXContainerItemProxy section */

/* Begin PBXFileReference section */
		0A0AFA84251CEE1200C97B6B /* ios.toolchain.cmake */ = {isa = PBXFileReference; lastKnownFileType = text; path = ios.toolchain.cmake; sourceTree = "<group>"; };
		0A0AFA85251CEE1200C97B6B /* maccatalyst.toolchain.cmake */ = {isa = PBXFileReference; lastKnownFileType = text; path = maccatalyst.toolchain.cmake; sourceTree = "<group>"; };
		0A1EE49D251E26BA00CBFF16 /* fastrtps_build_apple.sh */ = {isa = PBXFileReference; lastKnownFileType = text.script.sh; path = fastrtps_build_apple.sh; sourceTree = "<group>"; };
		0A1EE4B0251E27EC00CBFF16 /* FastRTPSBridge.framework */ = {isa = PBXFileReference; explicitFileType = wrapper.framework; includeInIndex = 0; path = FastRTPSBridge.framework; sourceTree = BUILT_PRODUCTS_DIR; };
		0A1FE2F524F91977002CBB56 /* FastRTPSBridgeTests.xctest */ = {isa = PBXFileReference; explicitFileType = wrapper.cfbundle; includeInIndex = 0; path = FastRTPSBridgeTests.xctest; sourceTree = BUILT_PRODUCTS_DIR; };
		0A1FE2F924F91977002CBB56 /* Info.plist */ = {isa = PBXFileReference; lastKnownFileType = text.plist.xml; path = Info.plist; sourceTree = "<group>"; };
		0A35C9EF23A52D2500CF48D6 /* libfastrtps.a */ = {isa = PBXFileReference; lastKnownFileType = archive.ar; name = libfastrtps.a; path = fastrtps/lib/libfastrtps.a; sourceTree = BUILT_PRODUCTS_DIR; };
		0A35C9F123A52D4100CF48D6 /* libfastcdr.a */ = {isa = PBXFileReference; lastKnownFileType = archive.ar; name = libfastcdr.a; path = fastrtps/lib/libfastcdr.a; sourceTree = BUILT_PRODUCTS_DIR; };
		0A35C9F323A52D5700CF48D6 /* libfoonathan_memory-0.6.2.a */ = {isa = PBXFileReference; lastKnownFileType = archive.ar; name = "libfoonathan_memory-0.6.2.a"; path = "fastrtps/lib/libfoonathan_memory-0.6.2.a"; sourceTree = BUILT_PRODUCTS_DIR; };
		0A7130792363503500817593 /* Info.plist */ = {isa = PBXFileReference; lastKnownFileType = text.plist.xml; path = Info.plist; sourceTree = "<group>"; };
		0A9A775A2515F79B0035D485 /* FastRTPSBridge.h */ = {isa = PBXFileReference; lastKnownFileType = sourcecode.c.h; path = FastRTPSBridge.h; sourceTree = "<group>"; };
		0AA1A19D2510FF1000253316 /* BridgedParticipantListener.h */ = {isa = PBXFileReference; fileEncoding = 4; lastKnownFileType = sourcecode.c.h; path = BridgedParticipantListener.h; sourceTree = "<group>"; };
		0AA1A19E2510FF1100253316 /* FastRTPSWrapper.cpp */ = {isa = PBXFileReference; fileEncoding = 4; lastKnownFileType = sourcecode.cpp.cpp; path = FastRTPSWrapper.cpp; sourceTree = "<group>"; };
		0AA1A1A02510FF1100253316 /* FastRTPSWrapper.h */ = {isa = PBXFileReference; fileEncoding = 4; lastKnownFileType = sourcecode.c.h; path = FastRTPSWrapper.h; sourceTree = "<group>"; };
		0AA1A1A12510FF1100253316 /* BridgedParticipant.cpp */ = {isa = PBXFileReference; fileEncoding = 4; lastKnownFileType = sourcecode.cpp.cpp; path = BridgedParticipant.cpp; sourceTree = "<group>"; };
		0AA1A1A22510FF1100253316 /* BridgedReaderListener.cpp */ = {isa = PBXFileReference; fileEncoding = 4; lastKnownFileType = sourcecode.cpp.cpp; path = BridgedReaderListener.cpp; sourceTree = "<group>"; };
		0AA1A1A32510FF1100253316 /* CustomLogConsumer.cpp */ = {isa = PBXFileReference; fileEncoding = 4; lastKnownFileType = sourcecode.cpp.cpp; path = CustomLogConsumer.cpp; sourceTree = "<group>"; };
		0AA1A1A42510FF1100253316 /* BridgedWriterListener.h */ = {isa = PBXFileReference; fileEncoding = 4; lastKnownFileType = sourcecode.c.h; path = BridgedWriterListener.h; sourceTree = "<group>"; };
		0AA1A1A52510FF1100253316 /* BridgedParticipantListener.cpp */ = {isa = PBXFileReference; fileEncoding = 4; lastKnownFileType = sourcecode.cpp.cpp; path = BridgedParticipantListener.cpp; sourceTree = "<group>"; };
		0AA1A1A62510FF1100253316 /* BridgedWriterListener.cpp */ = {isa = PBXFileReference; fileEncoding = 4; lastKnownFileType = sourcecode.cpp.cpp; path = BridgedWriterListener.cpp; sourceTree = "<group>"; };
		0AA1A1A72510FF1100253316 /* CustomLogConsumer.h */ = {isa = PBXFileReference; fileEncoding = 4; lastKnownFileType = sourcecode.c.h; path = CustomLogConsumer.h; sourceTree = "<group>"; };
		0AA1A1A82510FF1100253316 /* BridgedReaderListener.h */ = {isa = PBXFileReference; fileEncoding = 4; lastKnownFileType = sourcecode.c.h; path = BridgedReaderListener.h; sourceTree = "<group>"; };
		0AA1A1A92510FF1100253316 /* BridgedParticipant.h */ = {isa = PBXFileReference; fileEncoding = 4; lastKnownFileType = sourcecode.c.h; path = BridgedParticipant.h; sourceTree = "<group>"; };
		0AA1A1AB2510FF1100253316 /* DDSTopic.swift */ = {isa = PBXFileReference; fileEncoding = 4; lastKnownFileType = sourcecode.swift; path = DDSTopic.swift; sourceTree = "<group>"; };
		0AA1A1AC2510FF1100253316 /* FastRTPSNotifications.swift */ = {isa = PBXFileReference; fileEncoding = 4; lastKnownFileType = sourcecode.swift; path = FastRTPSNotifications.swift; sourceTree = "<group>"; };
		0AA1A1AD2510FF1100253316 /* PayloadDecoderProxy.swift */ = {isa = PBXFileReference; fileEncoding = 4; lastKnownFileType = sourcecode.swift; path = PayloadDecoderProxy.swift; sourceTree = "<group>"; };
		0AA1A1AE2510FF1100253316 /* FastRTPSBridge.swift */ = {isa = PBXFileReference; fileEncoding = 4; lastKnownFileType = sourcecode.swift; path = FastRTPSBridge.swift; sourceTree = "<group>"; };
		0AA1A1AF2510FF1100253316 /* DDSType.swift */ = {isa = PBXFileReference; fileEncoding = 4; lastKnownFileType = sourcecode.swift; path = DDSType.swift; sourceTree = "<group>"; };
		0AA1A1D52511015900253316 /* LinuxMain.swift */ = {isa = PBXFileReference; fileEncoding = 4; lastKnownFileType = sourcecode.swift; path = LinuxMain.swift; sourceTree = "<group>"; };
		0AA1A1D72511015900253316 /* RovTopic.swift */ = {isa = PBXFileReference; fileEncoding = 4; lastKnownFileType = sourcecode.swift; path = RovTopic.swift; sourceTree = "<group>"; };
		0AA1A1D82511015900253316 /* RovBarometer.swift */ = {isa = PBXFileReference; fileEncoding = 4; lastKnownFileType = sourcecode.swift; path = RovBarometer.swift; sourceTree = "<group>"; };
		0AA1A1D92511015900253316 /* FastRTPSBridgeTests.swift */ = {isa = PBXFileReference; fileEncoding = 4; lastKnownFileType = sourcecode.swift; path = FastRTPSBridgeTests.swift; sourceTree = "<group>"; };
		0AA1A1DA2511015900253316 /* XCTestManifests.swift */ = {isa = PBXFileReference; fileEncoding = 4; lastKnownFileType = sourcecode.swift; path = XCTestManifests.swift; sourceTree = "<group>"; };
		0AA1A1DB2511015900253316 /* RovDepth.swift */ = {isa = PBXFileReference; fileEncoding = 4; lastKnownFileType = sourcecode.swift; path = RovDepth.swift; sourceTree = "<group>"; };
/* End PBXFileReference section */

/* Begin PBXFrameworksBuildPhase section */
		0A1EE4AD251E27EC00CBFF16 /* Frameworks */ = {
			isa = PBXFrameworksBuildPhase;
			buildActionMask = 2147483647;
			files = (
				0A1EE504251E36DF00CBFF16 /* libfoonathan_memory-0.6.2.a in Frameworks */,
				0A1EE513251E387400CBFF16 /* CDRCodable in Frameworks */,
				0A1EE505251E36E100CBFF16 /* libfastcdr.a in Frameworks */,
				0A1EE506251E36E400CBFF16 /* libfastrtps.a in Frameworks */,
			);
			runOnlyForDeploymentPostprocessing = 0;
		};
		0A1FE2F224F91977002CBB56 /* Frameworks */ = {
			isa = PBXFrameworksBuildPhase;
			buildActionMask = 2147483647;
			files = (
			);
			runOnlyForDeploymentPostprocessing = 0;
		};
/* End PBXFrameworksBuildPhase section */

/* Begin PBXGroup section */
		0A0AFA83251CEE1200C97B6B /* cmake */ = {
			isa = PBXGroup;
			children = (
				0A0AFA84251CEE1200C97B6B /* ios.toolchain.cmake */,
				0A0AFA85251CEE1200C97B6B /* maccatalyst.toolchain.cmake */,
			);
			path = cmake;
			sourceTree = "<group>";
		};
		0A71306B2363503500817593 = {
			isa = PBXGroup;
			children = (
				0A1EE49D251E26BA00CBFF16 /* fastrtps_build_apple.sh */,
				0A0AFA83251CEE1200C97B6B /* cmake */,
				0AA1A19B2510FF1000253316 /* Sources */,
				0A7130772363503500817593 /* Resources */,
				0AA1A1D42511015900253316 /* Tests */,
				0A7130762363503500817593 /* Products */,
				0A7130A32363650B00817593 /* Frameworks */,
			);
			sourceTree = "<group>";
		};
		0A7130762363503500817593 /* Products */ = {
			isa = PBXGroup;
			children = (
				0A1FE2F524F91977002CBB56 /* FastRTPSBridgeTests.xctest */,
				0A1EE4B0251E27EC00CBFF16 /* FastRTPSBridge.framework */,
			);
			name = Products;
			sourceTree = "<group>";
		};
		0A7130772363503500817593 /* Resources */ = {
			isa = PBXGroup;
			children = (
				0A7130792363503500817593 /* Info.plist */,
			);
			path = Resources;
			sourceTree = "<group>";
		};
		0A7130A32363650B00817593 /* Frameworks */ = {
			isa = PBXGroup;
			children = (
				0A35C9F323A52D5700CF48D6 /* libfoonathan_memory-0.6.2.a */,
				0A35C9F123A52D4100CF48D6 /* libfastcdr.a */,
				0A35C9EF23A52D2500CF48D6 /* libfastrtps.a */,
			);
			name = Frameworks;
			sourceTree = "<group>";
		};
		0AA1A19B2510FF1000253316 /* Sources */ = {
			isa = PBXGroup;
			children = (
				0AA1A19C2510FF1000253316 /* FastRTPSWrapper */,
				0AA1A1AA2510FF1100253316 /* FastRTPSBridge */,
			);
			path = Sources;
			sourceTree = "<group>";
		};
		0AA1A19C2510FF1000253316 /* FastRTPSWrapper */ = {
			isa = PBXGroup;
			children = (
				0AA1A1A12510FF1100253316 /* BridgedParticipant.cpp */,
				0AA1A1A92510FF1100253316 /* BridgedParticipant.h */,
				0AA1A1A52510FF1100253316 /* BridgedParticipantListener.cpp */,
				0AA1A19D2510FF1000253316 /* BridgedParticipantListener.h */,
				0AA1A1A22510FF1100253316 /* BridgedReaderListener.cpp */,
				0AA1A1A82510FF1100253316 /* BridgedReaderListener.h */,
				0AA1A1A62510FF1100253316 /* BridgedWriterListener.cpp */,
				0AA1A1A42510FF1100253316 /* BridgedWriterListener.h */,
				0AA1A1A32510FF1100253316 /* CustomLogConsumer.cpp */,
				0AA1A1A72510FF1100253316 /* CustomLogConsumer.h */,
				0AA1A19E2510FF1100253316 /* FastRTPSWrapper.cpp */,
				0AA1A19F2510FF1100253316 /* include */,
			);
			path = FastRTPSWrapper;
			sourceTree = "<group>";
		};
		0AA1A19F2510FF1100253316 /* include */ = {
			isa = PBXGroup;
			children = (
				0AA1A1A02510FF1100253316 /* FastRTPSWrapper.h */,
			);
			path = include;
			sourceTree = "<group>";
		};
		0AA1A1AA2510FF1100253316 /* FastRTPSBridge */ = {
			isa = PBXGroup;
			children = (
				0AA1A1AB2510FF1100253316 /* DDSTopic.swift */,
				0AA1A1AF2510FF1100253316 /* DDSType.swift */,
				0AA1A1AE2510FF1100253316 /* FastRTPSBridge.swift */,
				0AA1A1AC2510FF1100253316 /* FastRTPSNotifications.swift */,
				0AA1A1AD2510FF1100253316 /* PayloadDecoderProxy.swift */,
				0A9A775A2515F79B0035D485 /* FastRTPSBridge.h */,
			);
			path = FastRTPSBridge;
			sourceTree = "<group>";
		};
		0AA1A1D42511015900253316 /* Tests */ = {
			isa = PBXGroup;
			children = (
				0A1FE2F924F91977002CBB56 /* Info.plist */,
				0AA1A1D52511015900253316 /* LinuxMain.swift */,
				0AA1A1D62511015900253316 /* FastRTPSBridgeTests */,
			);
			path = Tests;
			sourceTree = "<group>";
		};
		0AA1A1D62511015900253316 /* FastRTPSBridgeTests */ = {
			isa = PBXGroup;
			children = (
				0AA1A1DA2511015900253316 /* XCTestManifests.swift */,
				0AA1A1DB2511015900253316 /* RovDepth.swift */,
				0AA1A1D72511015900253316 /* RovTopic.swift */,
				0AA1A1D82511015900253316 /* RovBarometer.swift */,
				0AA1A1D92511015900253316 /* FastRTPSBridgeTests.swift */,
			);
			path = FastRTPSBridgeTests;
			sourceTree = "<group>";
		};
/* End PBXGroup section */

/* Begin PBXHeadersBuildPhase section */
		0A1EE4AB251E27EC00CBFF16 /* Headers */ = {
			isa = PBXHeadersBuildPhase;
			buildActionMask = 2147483647;
			files = (
				0A1EE4D0251E28C000CBFF16 /* BridgedParticipant.h in Headers */,
				0A1EE4DA251E28D000CBFF16 /* FastRTPSBridge.h in Headers */,
				0A1EE4C8251E28C000CBFF16 /* BridgedParticipantListener.h in Headers */,
				0A1EE4C9251E28C000CBFF16 /* CustomLogConsumer.h in Headers */,
				0A1EE4CA251E28C000CBFF16 /* BridgedReaderListener.h in Headers */,
				0A1EE4CB251E28C000CBFF16 /* BridgedWriterListener.h in Headers */,
				0A1EE4E7251E294400CBFF16 /* FastRTPSWrapper.h in Headers */,
			);
			runOnlyForDeploymentPostprocessing = 0;
		};
/* End PBXHeadersBuildPhase section */

/* Begin PBXLegacyTarget section */
		0A1EE4A1251E274400CBFF16 /* FastRTPS */ = {
			isa = PBXLegacyTarget;
			buildArgumentsString = fastrtps_build_apple.sh;
			buildConfigurationList = 0A1EE4A2251E274400CBFF16 /* Build configuration list for PBXLegacyTarget "FastRTPS" */;
			buildPhases = (
			);
			buildToolPath = /bin/bash;
			buildWorkingDirectory = $SRCROOT;
			dependencies = (
			);
			name = FastRTPS;
			passBuildSettingsInEnvironment = 1;
			productName = FastRTPS;
		};
/* End PBXLegacyTarget section */

/* Begin PBXNativeTarget section */
		0A1EE4AF251E27EC00CBFF16 /* FastRTPSBridge */ = {
			isa = PBXNativeTarget;
			buildConfigurationList = 0A1EE4B5251E27EC00CBFF16 /* Build configuration list for PBXNativeTarget "FastRTPSBridge" */;
			buildPhases = (
				0A1EE4AB251E27EC00CBFF16 /* Headers */,
				0A1EE4AC251E27EC00CBFF16 /* Sources */,
				0A1EE4AD251E27EC00CBFF16 /* Frameworks */,
				0A1EE4AE251E27EC00CBFF16 /* Resources */,
			);
			buildRules = (
			);
			dependencies = (
				0A1EE4C1251E288F00CBFF16 /* PBXTargetDependency */,
			);
			name = FastRTPSBridge;
			packageProductDependencies = (
				0A1EE512251E387400CBFF16 /* CDRCodable */,
			);
			productName = FastRTPSBridge;
			productReference = 0A1EE4B0251E27EC00CBFF16 /* FastRTPSBridge.framework */;
			productType = "com.apple.product-type.framework";
		};
		0A1FE2F424F91977002CBB56 /* FastRTPSBridgeTests */ = {
			isa = PBXNativeTarget;
			buildConfigurationList = 0A1FE2FD24F91977002CBB56 /* Build configuration list for PBXNativeTarget "FastRTPSBridgeTests" */;
			buildPhases = (
				0A1FE2F124F91977002CBB56 /* Sources */,
				0A1FE2F224F91977002CBB56 /* Frameworks */,
				0A1FE2F324F91977002CBB56 /* Resources */,
			);
			buildRules = (
			);
			dependencies = (
				0A1EE517251E3D5B00CBFF16 /* PBXTargetDependency */,
			);
			name = FastRTPSBridgeTests;
			productName = FastRTPSBridgeTests;
			productReference = 0A1FE2F524F91977002CBB56 /* FastRTPSBridgeTests.xctest */;
			productType = "com.apple.product-type.bundle.unit-test";
		};
/* End PBXNativeTarget section */

/* Begin PBXProject section */
		0A71306C2363503500817593 /* Project object */ = {
			isa = PBXProject;
			attributes = {
				LastSwiftUpdateCheck = 1160;
				LastUpgradeCheck = 1200;
				ORGANIZATIONNAME = "Dmitriy Borovikov";
				TargetAttributes = {
					0A1EE4A1251E274400CBFF16 = {
						CreatedOnToolsVersion = 12.0.1;
					};
					0A1EE4AF251E27EC00CBFF16 = {
						CreatedOnToolsVersion = 12.0.1;
					};
					0A1FE2F424F91977002CBB56 = {
						CreatedOnToolsVersion = 11.6;
					};
				};
			};
			buildConfigurationList = 0A71306F2363503500817593 /* Build configuration list for PBXProject "FastRTPSBridge" */;
			compatibilityVersion = "Xcode 10.0";
			developmentRegion = en;
			hasScannedForEncodings = 0;
			knownRegions = (
				en,
				Base,
			);
			mainGroup = 0A71306B2363503500817593;
			packageReferences = (
				0A969813236EEF0100FF958F /* XCRemoteSwiftPackageReference "CDRCodable" */,
			);
			productRefGroup = 0A7130762363503500817593 /* Products */;
			projectDirPath = "";
			projectRoot = "";
			targets = (
				0A1EE4AF251E27EC00CBFF16 /* FastRTPSBridge */,
				0A1EE4A1251E274400CBFF16 /* FastRTPS */,
				0A1FE2F424F91977002CBB56 /* FastRTPSBridgeTests */,
			);
		};
/* End PBXProject section */

/* Begin PBXResourcesBuildPhase section */
		0A1EE4AE251E27EC00CBFF16 /* Resources */ = {
			isa = PBXResourcesBuildPhase;
			buildActionMask = 2147483647;
			files = (
			);
			runOnlyForDeploymentPostprocessing = 0;
		};
		0A1FE2F324F91977002CBB56 /* Resources */ = {
			isa = PBXResourcesBuildPhase;
			buildActionMask = 2147483647;
			files = (
			);
			runOnlyForDeploymentPostprocessing = 0;
		};
/* End PBXResourcesBuildPhase section */

/* Begin PBXSourcesBuildPhase section */
		0A1EE4AC251E27EC00CBFF16 /* Sources */ = {
			isa = PBXSourcesBuildPhase;
			buildActionMask = 2147483647;
			files = (
				0A1EE4D7251E28D000CBFF16 /* FastRTPSBridge.swift in Sources */,
				0A1EE4CD251E28C000CBFF16 /* BridgedReaderListener.cpp in Sources */,
				0A1EE4D5251E28D000CBFF16 /* PayloadDecoderProxy.swift in Sources */,
				0A1EE4CC251E28C000CBFF16 /* BridgedParticipantListener.cpp in Sources */,
				0A1EE4CF251E28C000CBFF16 /* BridgedWriterListener.cpp in Sources */,
				0A1EE4C6251E28C000CBFF16 /* BridgedParticipant.cpp in Sources */,
				0A1EE4D9251E28D000CBFF16 /* FastRTPSNotifications.swift in Sources */,
				0A1EE4D6251E28D000CBFF16 /* DDSType.swift in Sources */,
				0A1EE4D8251E28D000CBFF16 /* DDSTopic.swift in Sources */,
				0A1EE4CE251E28C000CBFF16 /* FastRTPSWrapper.cpp in Sources */,
				0A1EE4C7251E28C000CBFF16 /* CustomLogConsumer.cpp in Sources */,
			);
			runOnlyForDeploymentPostprocessing = 0;
		};
		0A1FE2F124F91977002CBB56 /* Sources */ = {
			isa = PBXSourcesBuildPhase;
			buildActionMask = 2147483647;
			files = (
				0AA1A1E02511015900253316 /* XCTestManifests.swift in Sources */,
				0AA1A1DE2511015900253316 /* RovBarometer.swift in Sources */,
				0AA1A1DD2511015900253316 /* RovTopic.swift in Sources */,
				0AA1A1DF2511015900253316 /* FastRTPSBridgeTests.swift in Sources */,
				0AA1A1E12511015900253316 /* RovDepth.swift in Sources */,
			);
			runOnlyForDeploymentPostprocessing = 0;
		};
/* End PBXSourcesBuildPhase section */

/* Begin PBXTargetDependency section */
		0A1EE4C1251E288F00CBFF16 /* PBXTargetDependency */ = {
			isa = PBXTargetDependency;
			target = 0A1EE4A1251E274400CBFF16 /* FastRTPS */;
			targetProxy = 0A1EE4C0251E288F00CBFF16 /* PBXContainerItemProxy */;
		};
		0A1EE517251E3D5B00CBFF16 /* PBXTargetDependency */ = {
			isa = PBXTargetDependency;
			target = 0A1EE4AF251E27EC00CBFF16 /* FastRTPSBridge */;
			targetProxy = 0A1EE516251E3D5B00CBFF16 /* PBXContainerItemProxy */;
		};
/* End PBXTargetDependency section */

/* Begin XCBuildConfiguration section */
		0A1EE4A3251E274400CBFF16 /* Debug */ = {
			isa = XCBuildConfiguration;
			buildSettings = {
				CLANG_WARN_DOCUMENTATION_COMMENTS = YES;
				CODE_SIGN_STYLE = Automatic;
				DEBUGGING_SYMBOLS = YES;
				DEBUG_INFORMATION_FORMAT = dwarf;
				GCC_GENERATE_DEBUGGING_SYMBOLS = YES;
				GCC_OPTIMIZATION_LEVEL = 0;
				OTHER_CFLAGS = "";
				OTHER_LDFLAGS = "";
				PRODUCT_NAME = "$(TARGET_NAME)";
			};
			name = Debug;
		};
		0A1EE4A4251E274400CBFF16 /* Release */ = {
			isa = XCBuildConfiguration;
			buildSettings = {
				CLANG_WARN_DOCUMENTATION_COMMENTS = YES;
				CODE_SIGN_STYLE = Automatic;
				DEBUG_INFORMATION_FORMAT = "dwarf-with-dsym";
				OTHER_CFLAGS = "";
				OTHER_LDFLAGS = "";
				PRODUCT_NAME = "$(TARGET_NAME)";
			};
			name = Release;
		};
		0A1EE4B6251E27EC00CBFF16 /* Debug */ = {
			isa = XCBuildConfiguration;
			buildSettings = {
				CLANG_WARN_DOCUMENTATION_COMMENTS = NO;
				CODE_SIGN_STYLE = Automatic;
				DEFINES_MODULE = YES;
				DYLIB_COMPATIBILITY_VERSION = 1;
				DYLIB_CURRENT_VERSION = 1;
				DYLIB_INSTALL_NAME_BASE = "@rpath";
				HEADER_SEARCH_PATHS = "$(BUILT_PRODUCTS_DIR)/fastrtps/include";
				INFOPLIST_FILE = Resources/Info.plist;
				INSTALL_PATH = "$(LOCAL_LIBRARY_DIR)/Frameworks";
				LD_RUNPATH_SEARCH_PATHS = (
					"$(inherited)",
					"@executable_path/Frameworks",
					"@loader_path/Frameworks",
				);
				LIBRARY_SEARCH_PATHS = "$(BUILT_PRODUCTS_DIR)/fastrtps/lib";
				PRODUCT_BUNDLE_IDENTIFIER = in.ioshack.FastRTPSBridge;
				PRODUCT_NAME = "$(TARGET_NAME:c99extidentifier)";
				SDKROOT = iphoneos;
				SKIP_INSTALL = YES;
				SWIFT_INCLUDE_PATHS = "$(BUILT_PRODUCTS_DIR)/fastrtps";
				SWIFT_VERSION = 5.0;
				TARGETED_DEVICE_FAMILY = "1,2";
			};
			name = Debug;
		};
		0A1EE4B7251E27EC00CBFF16 /* Release */ = {
			isa = XCBuildConfiguration;
			buildSettings = {
				CLANG_WARN_DOCUMENTATION_COMMENTS = NO;
				CODE_SIGN_STYLE = Automatic;
				DEFINES_MODULE = YES;
				DYLIB_COMPATIBILITY_VERSION = 1;
				DYLIB_CURRENT_VERSION = 1;
				DYLIB_INSTALL_NAME_BASE = "@rpath";
				HEADER_SEARCH_PATHS = "$(BUILT_PRODUCTS_DIR)/fastrtps/include";
				INFOPLIST_FILE = Resources/Info.plist;
				INSTALL_PATH = "$(LOCAL_LIBRARY_DIR)/Frameworks";
				LD_RUNPATH_SEARCH_PATHS = (
					"$(inherited)",
					"@executable_path/Frameworks",
					"@loader_path/Frameworks",
				);
				LIBRARY_SEARCH_PATHS = "$(BUILT_PRODUCTS_DIR)/fastrtps/lib";
				PRODUCT_BUNDLE_IDENTIFIER = in.ioshack.FastRTPSBridge;
				PRODUCT_NAME = "$(TARGET_NAME:c99extidentifier)";
				SDKROOT = iphoneos;
				SKIP_INSTALL = YES;
				SWIFT_INCLUDE_PATHS = "$(BUILT_PRODUCTS_DIR)/fastrtps";
				SWIFT_VERSION = 5.0;
				TARGETED_DEVICE_FAMILY = "1,2";
				VALIDATE_PRODUCT = YES;
			};
			name = Release;
		};
		0A1FE2FE24F91977002CBB56 /* Debug */ = {
			isa = XCBuildConfiguration;
			buildSettings = {
				ALWAYS_EMBED_SWIFT_STANDARD_LIBRARIES = YES;
				CLANG_WARN_DOCUMENTATION_COMMENTS = YES;
				CODE_SIGN_STYLE = Automatic;
				COMBINE_HIDPI_IMAGES = YES;
				DEVELOPMENT_TEAM = 9BEQ8V4XH9;
				INFOPLIST_FILE = Tests/Info.plist;
				LD_RUNPATH_SEARCH_PATHS = (
					"$(inherited)",
					"@executable_path/../Frameworks",
					"@loader_path/../Frameworks",
				);
				MACOSX_DEPLOYMENT_TARGET = 10.15;
				PRODUCT_BUNDLE_IDENTIFIER = in.ioshack.FastRTPSBridgeTests;
				PRODUCT_NAME = "$(TARGET_NAME)";
				SDKROOT = macosx;
				SWIFT_VERSION = 5.0;
			};
			name = Debug;
		};
		0A1FE2FF24F91977002CBB56 /* Release */ = {
			isa = XCBuildConfiguration;
			buildSettings = {
				ALWAYS_EMBED_SWIFT_STANDARD_LIBRARIES = YES;
				CLANG_WARN_DOCUMENTATION_COMMENTS = YES;
				CODE_SIGN_STYLE = Automatic;
				COMBINE_HIDPI_IMAGES = YES;
				DEVELOPMENT_TEAM = 9BEQ8V4XH9;
				INFOPLIST_FILE = Tests/Info.plist;
				LD_RUNPATH_SEARCH_PATHS = (
					"$(inherited)",
					"@executable_path/../Frameworks",
					"@loader_path/../Frameworks",
				);
				MACOSX_DEPLOYMENT_TARGET = 10.15;
				PRODUCT_BUNDLE_IDENTIFIER = in.ioshack.FastRTPSBridgeTests;
				PRODUCT_NAME = "$(TARGET_NAME)";
				SDKROOT = macosx;
				SWIFT_VERSION = 5.0;
			};
			name = Release;
		};
		0A71307B2363503500817593 /* Debug */ = {
			isa = XCBuildConfiguration;
			buildSettings = {
				ALWAYS_SEARCH_USER_PATHS = NO;
				CLANG_ANALYZER_NONNULL = YES;
				CLANG_ANALYZER_NUMBER_OBJECT_CONVERSION = YES_AGGRESSIVE;
				CLANG_CXX_LANGUAGE_STANDARD = "gnu++14";
				CLANG_CXX_LIBRARY = "libc++";
				CLANG_ENABLE_MODULES = YES;
				CLANG_ENABLE_OBJC_ARC = YES;
				CLANG_ENABLE_OBJC_WEAK = YES;
				CLANG_WARN_BLOCK_CAPTURE_AUTORELEASING = YES;
				CLANG_WARN_BOOL_CONVERSION = YES;
				CLANG_WARN_COMMA = YES;
				CLANG_WARN_CONSTANT_CONVERSION = YES;
				CLANG_WARN_DEPRECATED_OBJC_IMPLEMENTATIONS = YES;
				CLANG_WARN_DIRECT_OBJC_ISA_USAGE = YES_ERROR;
				CLANG_WARN_DOCUMENTATION_COMMENTS = NO;
				CLANG_WARN_EMPTY_BODY = YES;
				CLANG_WARN_ENUM_CONVERSION = YES;
				CLANG_WARN_INFINITE_RECURSION = YES;
				CLANG_WARN_INT_CONVERSION = YES;
				CLANG_WARN_NON_LITERAL_NULL_CONVERSION = YES;
				CLANG_WARN_OBJC_IMPLICIT_RETAIN_SELF = YES;
				CLANG_WARN_OBJC_LITERAL_CONVERSION = YES;
				CLANG_WARN_OBJC_ROOT_CLASS = YES_ERROR;
				CLANG_WARN_QUOTED_INCLUDE_IN_FRAMEWORK_HEADER = YES;
				CLANG_WARN_RANGE_LOOP_ANALYSIS = YES;
				CLANG_WARN_STRICT_PROTOTYPES = YES;
				CLANG_WARN_SUSPICIOUS_MOVE = YES;
				CLANG_WARN_UNGUARDED_AVAILABILITY = YES_AGGRESSIVE;
				CLANG_WARN_UNREACHABLE_CODE = YES;
				CLANG_WARN__DUPLICATE_METHOD_MATCH = YES;
				COPY_PHASE_STRIP = NO;
				CURRENT_PROJECT_VERSION = 1;
				DEBUG_INFORMATION_FORMAT = dwarf;
				ENABLE_STRICT_OBJC_MSGSEND = YES;
				ENABLE_TESTABILITY = YES;
				FASTRTPS_FILTER = YES;
				GCC_C_LANGUAGE_STANDARD = gnu11;
				GCC_DYNAMIC_NO_PIC = NO;
				GCC_NO_COMMON_BLOCKS = YES;
				GCC_OPTIMIZATION_LEVEL = 0;
				GCC_PREPROCESSOR_DEFINITIONS = (
					"FASTRTPS_FILTER=1",
					"DEBUG=1",
					"$(inherited)",
				);
				GCC_WARN_64_TO_32_BIT_CONVERSION = YES;
				GCC_WARN_ABOUT_RETURN_TYPE = YES_ERROR;
				GCC_WARN_UNDECLARED_SELECTOR = YES;
				GCC_WARN_UNINITIALIZED_AUTOS = YES_AGGRESSIVE;
				GCC_WARN_UNUSED_FUNCTION = YES;
				GCC_WARN_UNUSED_VARIABLE = YES;
				HEADER_SEARCH_PATHS = "";
				IPHONEOS_DEPLOYMENT_TARGET = 12.1;
				MACOSX_DEPLOYMENT_TARGET = 10.13;
				MARKETING_VERSION = 1.0.1;
				MTL_ENABLE_DEBUG_INFO = INCLUDE_SOURCE;
				MTL_FAST_MATH = YES;
				ONLY_ACTIVE_ARCH = YES;
				OTHER_SWIFT_FLAGS = "-DFASTRTPS_FILTER";
				SDKROOT = "";
				SUPPORTED_PLATFORMS = "iphonesimulator iphoneos macosx";
				SUPPORTS_MACCATALYST = YES;
				SWIFT_ACTIVE_COMPILATION_CONDITIONS = DEBUG;
				SWIFT_INSTALL_OBJC_HEADER = NO;
				SWIFT_OPTIMIZATION_LEVEL = "-Onone";
				VERSIONING_SYSTEM = "apple-generic";
				VERSION_INFO_PREFIX = "";
			};
			name = Debug;
		};
		0A71307C2363503500817593 /* Release */ = {
			isa = XCBuildConfiguration;
			buildSettings = {
				ALWAYS_SEARCH_USER_PATHS = NO;
				CLANG_ANALYZER_NONNULL = YES;
				CLANG_ANALYZER_NUMBER_OBJECT_CONVERSION = YES_AGGRESSIVE;
				CLANG_CXX_LANGUAGE_STANDARD = "gnu++14";
				CLANG_CXX_LIBRARY = "libc++";
				CLANG_ENABLE_MODULES = YES;
				CLANG_ENABLE_OBJC_ARC = YES;
				CLANG_ENABLE_OBJC_WEAK = YES;
				CLANG_WARN_BLOCK_CAPTURE_AUTORELEASING = YES;
				CLANG_WARN_BOOL_CONVERSION = YES;
				CLANG_WARN_COMMA = YES;
				CLANG_WARN_CONSTANT_CONVERSION = YES;
				CLANG_WARN_DEPRECATED_OBJC_IMPLEMENTATIONS = YES;
				CLANG_WARN_DIRECT_OBJC_ISA_USAGE = YES_ERROR;
				CLANG_WARN_DOCUMENTATION_COMMENTS = NO;
				CLANG_WARN_EMPTY_BODY = YES;
				CLANG_WARN_ENUM_CONVERSION = YES;
				CLANG_WARN_INFINITE_RECURSION = YES;
				CLANG_WARN_INT_CONVERSION = YES;
				CLANG_WARN_NON_LITERAL_NULL_CONVERSION = YES;
				CLANG_WARN_OBJC_IMPLICIT_RETAIN_SELF = YES;
				CLANG_WARN_OBJC_LITERAL_CONVERSION = YES;
				CLANG_WARN_OBJC_ROOT_CLASS = YES_ERROR;
				CLANG_WARN_QUOTED_INCLUDE_IN_FRAMEWORK_HEADER = YES;
				CLANG_WARN_RANGE_LOOP_ANALYSIS = YES;
				CLANG_WARN_STRICT_PROTOTYPES = YES;
				CLANG_WARN_SUSPICIOUS_MOVE = YES;
				CLANG_WARN_UNGUARDED_AVAILABILITY = YES_AGGRESSIVE;
				CLANG_WARN_UNREACHABLE_CODE = YES;
				CLANG_WARN__DUPLICATE_METHOD_MATCH = YES;
				COPY_PHASE_STRIP = NO;
				CURRENT_PROJECT_VERSION = 1;
				DEBUG_INFORMATION_FORMAT = "dwarf-with-dsym";
				ENABLE_NS_ASSERTIONS = NO;
				ENABLE_STRICT_OBJC_MSGSEND = YES;
				FASTRTPS_FILTER = YES;
				GCC_C_LANGUAGE_STANDARD = gnu11;
				GCC_NO_COMMON_BLOCKS = YES;
				GCC_PREPROCESSOR_DEFINITIONS = "FASTRTPS_FILTER=1";
				GCC_WARN_64_TO_32_BIT_CONVERSION = YES;
				GCC_WARN_ABOUT_RETURN_TYPE = YES_ERROR;
				GCC_WARN_UNDECLARED_SELECTOR = YES;
				GCC_WARN_UNINITIALIZED_AUTOS = YES_AGGRESSIVE;
				GCC_WARN_UNUSED_FUNCTION = YES;
				GCC_WARN_UNUSED_VARIABLE = YES;
				HEADER_SEARCH_PATHS = "";
				IPHONEOS_DEPLOYMENT_TARGET = 12.1;
				MACOSX_DEPLOYMENT_TARGET = 10.13;
				MARKETING_VERSION = 1.0.1;
				MTL_ENABLE_DEBUG_INFO = NO;
				MTL_FAST_MATH = YES;
				OTHER_SWIFT_FLAGS = "-DFASTRTPS_FILTER";
				SDKROOT = "";
				SUPPORTED_PLATFORMS = "iphonesimulator iphoneos macosx";
				SUPPORTS_MACCATALYST = YES;
				SWIFT_COMPILATION_MODE = wholemodule;
				SWIFT_INSTALL_OBJC_HEADER = NO;
				SWIFT_OPTIMIZATION_LEVEL = "-O";
				VERSIONING_SYSTEM = "apple-generic";
				VERSION_INFO_PREFIX = "";
			};
			name = Release;
		};
/* End XCBuildConfiguration section */

/* Begin XCConfigurationList section */
		0A1EE4A2251E274400CBFF16 /* Build configuration list for PBXLegacyTarget "FastRTPS" */ = {
			isa = XCConfigurationList;
			buildConfigurations = (
				0A1EE4A3251E274400CBFF16 /* Debug */,
				0A1EE4A4251E274400CBFF16 /* Release */,
			);
			defaultConfigurationIsVisible = 0;
			defaultConfigurationName = Release;
		};
		0A1EE4B5251E27EC00CBFF16 /* Build configuration list for PBXNativeTarget "FastRTPSBridge" */ = {
			isa = XCConfigurationList;
			buildConfigurations = (
				0A1EE4B6251E27EC00CBFF16 /* Debug */,
				0A1EE4B7251E27EC00CBFF16 /* Release */,
			);
			defaultConfigurationIsVisible = 0;
			defaultConfigurationName = Release;
		};
		0A1FE2FD24F91977002CBB56 /* Build configuration list for PBXNativeTarget "FastRTPSBridgeTests" */ = {
			isa = XCConfigurationList;
			buildConfigurations = (
				0A1FE2FE24F91977002CBB56 /* Debug */,
				0A1FE2FF24F91977002CBB56 /* Release */,
			);
			defaultConfigurationIsVisible = 0;
			defaultConfigurationName = Release;
		};
		0A71306F2363503500817593 /* Build configuration list for PBXProject "FastRTPSBridge" */ = {
			isa = XCConfigurationList;
			buildConfigurations = (
				0A71307B2363503500817593 /* Debug */,
				0A71307C2363503500817593 /* Release */,
			);
			defaultConfigurationIsVisible = 0;
			defaultConfigurationName = Release;
		};
/* End XCConfigurationList section */

/* Begin XCRemoteSwiftPackageReference section */
		0A969813236EEF0100FF958F /* XCRemoteSwiftPackageReference "CDRCodable" */ = {
			isa = XCRemoteSwiftPackageReference;
			repositoryURL = "https://github.com/DimaRU/CDRCodable.git";
			requirement = {
				kind = upToNextMajorVersion;
				minimumVersion = 1.0.0;
			};
		};
/* End XCRemoteSwiftPackageReference section */

/* Begin XCSwiftPackageProductDependency section */
		0A1EE512251E387400CBFF16 /* CDRCodable */ = {
			isa = XCSwiftPackageProductDependency;
			package = 0A969813236EEF0100FF958F /* XCRemoteSwiftPackageReference "CDRCodable" */;
			productName = CDRCodable;
		};
/* End XCSwiftPackageProductDependency section */
	};
	rootObject = 0A71306C2363503500817593 /* Project object */;
}
