{
  "object": {
    "pins": [
      {
        "package": "CDRCodable",
        "repositoryURL": "git@github.com:DimaRU/CDRCodable.git",
        "state": {
          "branch": "master",
          "revision": "a5db2034e2db4f6a0a9a698c232578d790547ec3",
          "version": null
        }
      }
    ]
  },
  "version": 1
}
