{
  "object": {
    "pins": [
      {
        "package": "CDRCodable",
        "repositoryURL": "https://github.com/DimaRU/CDRCodable.git",
        "state": {
          "branch": null,
          "revision": "f69d0d11b802dd049e4baa135482964ac4b54bcb",
          "version": "0.0.2"
        }
      }
    ]
  },
  "version": 1
}
